// !$*UTF8*$!
{
	archiveVersion = 1;
	classes = {
	};
	objectVersion = 46;
	objects = {

/* Begin PBXBuildFile section */
		18D1D2D41B9FEDD2001A3829 /* music in Resources */ = {isa = PBXBuildFile; fileRef = 18D1D2D31B9FEDD2001A3829 /* music */; };
		18D1D2D51B9FEDD2001A3829 /* music in Resources */ = {isa = PBXBuildFile; fileRef = 18D1D2D31B9FEDD2001A3829 /* music */; };
		1AC6FB21180E996B004C840B /* libcocos2d Mac.a in Frameworks */ = {isa = PBXBuildFile; fileRef = 1AC6FAF9180E9839004C840B /* libcocos2d Mac.a */; };
		1AC6FB30180E99EB004C840B /* libcocos2d iOS.a in Frameworks */ = {isa = PBXBuildFile; fileRef = 1AC6FB07180E9839004C840B /* libcocos2d iOS.a */; };
		1D60589F0D05DD5A006BFB54 /* Foundation.framework in Frameworks */ = {isa = PBXBuildFile; fileRef = 1D30AB110D05D00D00671497 /* Foundation.framework */; };
		1DF5F4E00D08C38300B7A737 /* UIKit.framework in Frameworks */ = {isa = PBXBuildFile; fileRef = 1DF5F4DF0D08C38300B7A737 /* UIKit.framework */; };
		288765A50DF7441C002DB57D /* CoreGraphics.framework in Frameworks */ = {isa = PBXBuildFile; fileRef = 288765A40DF7441C002DB57D /* CoreGraphics.framework */; };
		3EACC98F19EE6D4300EB3C5E /* res in Resources */ = {isa = PBXBuildFile; fileRef = 3EACC98E19EE6D4300EB3C5E /* res */; };
		3EACC99019EE6D4300EB3C5E /* res in Resources */ = {isa = PBXBuildFile; fileRef = 3EACC98E19EE6D4300EB3C5E /* res */; };
		46880B8819C43A87006E1F66 /* AppDelegate.cpp in Sources */ = {isa = PBXBuildFile; fileRef = 46880B8419C43A87006E1F66 /* AppDelegate.cpp */; };
		46880B8919C43A87006E1F66 /* AppDelegate.cpp in Sources */ = {isa = PBXBuildFile; fileRef = 46880B8419C43A87006E1F66 /* AppDelegate.cpp */; };
		503AE0F817EB97AB00D1A890 /* Icon.icns in Resources */ = {isa = PBXBuildFile; fileRef = 503AE0F617EB97AB00D1A890 /* Icon.icns */; };
		503AE10017EB989F00D1A890 /* AppController.mm in Sources */ = {isa = PBXBuildFile; fileRef = 503AE0FB17EB989F00D1A890 /* AppController.mm */; };
		503AE10117EB989F00D1A890 /* main.m in Sources */ = {isa = PBXBuildFile; fileRef = 503AE0FC17EB989F00D1A890 /* main.m */; };
		503AE10217EB989F00D1A890 /* RootViewController.mm in Sources */ = {isa = PBXBuildFile; fileRef = 503AE0FF17EB989F00D1A890 /* RootViewController.mm */; };
		503AE10517EB98FF00D1A890 /* main.cpp in Sources */ = {isa = PBXBuildFile; fileRef = 503AE10317EB98FF00D1A890 /* main.cpp */; };
		503AE11B17EB9C5A00D1A890 /* IOKit.framework in Frameworks */ = {isa = PBXBuildFile; fileRef = 503AE11A17EB9C5A00D1A890 /* IOKit.framework */; };
		5087E76317EB910900C73F5D /* Foundation.framework in Frameworks */ = {isa = PBXBuildFile; fileRef = 1D30AB110D05D00D00671497 /* Foundation.framework */; };
		5087E76717EB910900C73F5D /* libz.dylib in Frameworks */ = {isa = PBXBuildFile; fileRef = BF170DB412928DE900B8313A /* libz.dylib */; };
		5087E76817EB910900C73F5D /* QuartzCore.framework in Frameworks */ = {isa = PBXBuildFile; fileRef = BF1C47EA1293683800B63C5D /* QuartzCore.framework */; };
		5087E76917EB910900C73F5D /* OpenAL.framework in Frameworks */ = {isa = PBXBuildFile; fileRef = D44C620B132DFF330009C878 /* OpenAL.framework */; };
		5087E76A17EB910900C73F5D /* AVFoundation.framework in Frameworks */ = {isa = PBXBuildFile; fileRef = D44C620D132DFF430009C878 /* AVFoundation.framework */; };
		5087E76B17EB910900C73F5D /* AudioToolbox.framework in Frameworks */ = {isa = PBXBuildFile; fileRef = D44C620F132DFF4E0009C878 /* AudioToolbox.framework */; };
		5087E77D17EB970100C73F5D /* Default-568h@2x.png in Resources */ = {isa = PBXBuildFile; fileRef = 5087E77217EB970100C73F5D /* Default-568h@2x.png */; };
		5087E77E17EB970100C73F5D /* Default.png in Resources */ = {isa = PBXBuildFile; fileRef = 5087E77317EB970100C73F5D /* Default.png */; };
		5087E77F17EB970100C73F5D /* Default@2x.png in Resources */ = {isa = PBXBuildFile; fileRef = 5087E77417EB970100C73F5D /* Default@2x.png */; };
		5087E78017EB970100C73F5D /* Icon-114.png in Resources */ = {isa = PBXBuildFile; fileRef = 5087E77517EB970100C73F5D /* Icon-114.png */; };
		5087E78117EB970100C73F5D /* Icon-120.png in Resources */ = {isa = PBXBuildFile; fileRef = 5087E77617EB970100C73F5D /* Icon-120.png */; };
		5087E78217EB970100C73F5D /* Icon-144.png in Resources */ = {isa = PBXBuildFile; fileRef = 5087E77717EB970100C73F5D /* Icon-144.png */; };
		5087E78317EB970100C73F5D /* Icon-152.png in Resources */ = {isa = PBXBuildFile; fileRef = 5087E77817EB970100C73F5D /* Icon-152.png */; };
		5087E78417EB970100C73F5D /* Icon-57.png in Resources */ = {isa = PBXBuildFile; fileRef = 5087E77917EB970100C73F5D /* Icon-57.png */; };
		5087E78517EB970100C73F5D /* Icon-72.png in Resources */ = {isa = PBXBuildFile; fileRef = 5087E77A17EB970100C73F5D /* Icon-72.png */; };
		5087E78617EB970100C73F5D /* Icon-76.png in Resources */ = {isa = PBXBuildFile; fileRef = 5087E77B17EB970100C73F5D /* Icon-76.png */; };
		5087E78917EB974C00C73F5D /* AppKit.framework in Frameworks */ = {isa = PBXBuildFile; fileRef = 5087E78817EB974C00C73F5D /* AppKit.framework */; };
		5087E78B17EB975400C73F5D /* OpenGL.framework in Frameworks */ = {isa = PBXBuildFile; fileRef = 5087E78A17EB975400C73F5D /* OpenGL.framework */; };
		50EF629617ECD46A001EB2F8 /* Icon-40.png in Resources */ = {isa = PBXBuildFile; fileRef = 50EF629217ECD46A001EB2F8 /* Icon-40.png */; };
		50EF629717ECD46A001EB2F8 /* Icon-58.png in Resources */ = {isa = PBXBuildFile; fileRef = 50EF629317ECD46A001EB2F8 /* Icon-58.png */; };
		50EF629817ECD46A001EB2F8 /* Icon-80.png in Resources */ = {isa = PBXBuildFile; fileRef = 50EF629417ECD46A001EB2F8 /* Icon-80.png */; };
		50EF629917ECD46A001EB2F8 /* Icon-100.png in Resources */ = {isa = PBXBuildFile; fileRef = 50EF629517ECD46A001EB2F8 /* Icon-100.png */; };
		50EF62A217ECD613001EB2F8 /* Icon-29.png in Resources */ = {isa = PBXBuildFile; fileRef = 50EF62A017ECD613001EB2F8 /* Icon-29.png */; };
		50EF62A317ECD613001EB2F8 /* Icon-50.png in Resources */ = {isa = PBXBuildFile; fileRef = 50EF62A117ECD613001EB2F8 /* Icon-50.png */; };
		521A8E6419F0C34300D177D7 /* Default-667h@2x.png in Resources */ = {isa = PBXBuildFile; fileRef = 521A8E6219F0C34300D177D7 /* Default-667h@2x.png */; };
		521A8E6519F0C34300D177D7 /* Default-736h@3x.png in Resources */ = {isa = PBXBuildFile; fileRef = 521A8E6319F0C34300D177D7 /* Default-736h@3x.png */; };
		521A8EA919F11F5000D177D7 /* fonts in Resources */ = {isa = PBXBuildFile; fileRef = 521A8EA819F11F5000D177D7 /* fonts */; };
		521A8EAA19F11F5000D177D7 /* fonts in Resources */ = {isa = PBXBuildFile; fileRef = 521A8EA819F11F5000D177D7 /* fonts */; };
		52B47A471A53D09C004E4C60 /* Security.framework in Frameworks */ = {isa = PBXBuildFile; fileRef = 52B47A461A53D09B004E4C60 /* Security.framework */; };
		8262943E1AAF051F00CB7CF7 /* Security.framework in Frameworks */ = {isa = PBXBuildFile; fileRef = 8262943D1AAF051F00CB7CF7 /* Security.framework */; };
		8740B0221B7F605300395343 /* HelpScene.cpp in Sources */ = {isa = PBXBuildFile; fileRef = 8740B0201B7F605300395343 /* HelpScene.cpp */; };
		8740B0251B7F606200395343 /* SettingScene.cpp in Sources */ = {isa = PBXBuildFile; fileRef = 8740B0231B7F606200395343 /* SettingScene.cpp */; };
		878D7FB61BC3A76400DC10DC /* libCommon-cpp_debug_iphoneos.a in Frameworks */ = {isa = PBXBuildFile; fileRef = 878D7F6A1BC3A76300DC10DC /* libCommon-cpp_debug_iphoneos.a */; settings = {ASSET_TAGS = (); }; };
		878D7FB71BC3A76400DC10DC /* libCommon-cpp_debug_iphonesimulator.a in Frameworks */ = {isa = PBXBuildFile; fileRef = 878D7F6B1BC3A76300DC10DC /* libCommon-cpp_debug_iphonesimulator.a */; settings = {ASSET_TAGS = (); }; };
		878D7FB81BC3A76400DC10DC /* libCommon-cpp_release_iphoneos.a in Frameworks */ = {isa = PBXBuildFile; fileRef = 878D7F6C1BC3A76300DC10DC /* libCommon-cpp_release_iphoneos.a */; settings = {ASSET_TAGS = (); }; };
		878D7FB91BC3A76400DC10DC /* libCommon-cpp_release_iphonesimulator.a in Frameworks */ = {isa = PBXBuildFile; fileRef = 878D7F6D1BC3A76300DC10DC /* libCommon-cpp_release_iphonesimulator.a */; settings = {ASSET_TAGS = (); }; };
		878D7FBA1BC3A76400DC10DC /* libLoadBalancing-cpp_debug_iphoneos.a in Frameworks */ = {isa = PBXBuildFile; fileRef = 878D7F971BC3A76300DC10DC /* libLoadBalancing-cpp_debug_iphoneos.a */; settings = {ASSET_TAGS = (); }; };
		878D7FBB1BC3A76400DC10DC /* libLoadBalancing-cpp_debug_iphonesimulator.a in Frameworks */ = {isa = PBXBuildFile; fileRef = 878D7F981BC3A76300DC10DC /* libLoadBalancing-cpp_debug_iphonesimulator.a */; settings = {ASSET_TAGS = (); }; };
		878D7FBC1BC3A76400DC10DC /* libLoadBalancing-cpp_release_iphoneos.a in Frameworks */ = {isa = PBXBuildFile; fileRef = 878D7F991BC3A76300DC10DC /* libLoadBalancing-cpp_release_iphoneos.a */; settings = {ASSET_TAGS = (); }; };
		878D7FBD1BC3A76400DC10DC /* libLoadBalancing-cpp_release_iphonesimulator.a in Frameworks */ = {isa = PBXBuildFile; fileRef = 878D7F9A1BC3A76300DC10DC /* libLoadBalancing-cpp_release_iphonesimulator.a */; settings = {ASSET_TAGS = (); }; };
		878D7FBE1BC3A76400DC10DC /* libPhoton-cpp_debug_iphoneos.a in Frameworks */ = {isa = PBXBuildFile; fileRef = 878D7FB21BC3A76400DC10DC /* libPhoton-cpp_debug_iphoneos.a */; settings = {ASSET_TAGS = (); }; };
		878D7FBF1BC3A76400DC10DC /* libPhoton-cpp_debug_iphonesimulator.a in Frameworks */ = {isa = PBXBuildFile; fileRef = 878D7FB31BC3A76400DC10DC /* libPhoton-cpp_debug_iphonesimulator.a */; settings = {ASSET_TAGS = (); }; };
		878D7FC01BC3A76400DC10DC /* libPhoton-cpp_release_iphoneos.a in Frameworks */ = {isa = PBXBuildFile; fileRef = 878D7FB41BC3A76400DC10DC /* libPhoton-cpp_release_iphoneos.a */; settings = {ASSET_TAGS = (); }; };
		878D7FC11BC3A76400DC10DC /* libPhoton-cpp_release_iphonesimulator.a in Frameworks */ = {isa = PBXBuildFile; fileRef = 878D7FB51BC3A76400DC10DC /* libPhoton-cpp_release_iphonesimulator.a */; settings = {ASSET_TAGS = (); }; };
		878D7FC41BC3A88C00DC10DC /* PhotonMultiplayer.cpp in Sources */ = {isa = PBXBuildFile; fileRef = 878D7FC21BC3A88C00DC10DC /* PhotonMultiplayer.cpp */; settings = {ASSET_TAGS = (); }; };
		8793B6131B99E40C00277AC7 /* GameKitHelper.mm in Sources */ = {isa = PBXBuildFile; fileRef = 8793B60C1B99E40C00277AC7 /* GameKitHelper.mm */; };
		8793B6141B99E40C00277AC7 /* GKHDelegate.cpp in Sources */ = {isa = PBXBuildFile; fileRef = 8793B60E1B99E40C00277AC7 /* GKHDelegate.cpp */; };
		8793B6151B99E40C00277AC7 /* GKHWrapperCpp.mm in Sources */ = {isa = PBXBuildFile; fileRef = 8793B6111B99E40C00277AC7 /* GKHWrapperCpp.mm */; };
		8793B6161B99E40C00277AC7 /* README.md in Sources */ = {isa = PBXBuildFile; fileRef = 8793B6121B99E40C00277AC7 /* README.md */; };
		8793B61C1B99E67800277AC7 /* GameKit.framework in Frameworks */ = {isa = PBXBuildFile; fileRef = 8793B61B1B99E67800277AC7 /* GameKit.framework */; };
		879FB8481B7AED3900E4F0BF /* appwarp.cpp in Sources */ = {isa = PBXBuildFile; fileRef = 879FB8311B7AED3900E4F0BF /* appwarp.cpp */; };
		879FB8491B7AED3900E4F0BF /* appwarp_extended.cpp in Sources */ = {isa = PBXBuildFile; fileRef = 879FB8331B7AED3900E4F0BF /* appwarp_extended.cpp */; };
		879FB84A1B7AED3900E4F0BF /* base64.cpp in Sources */ = {isa = PBXBuildFile; fileRef = 879FB8341B7AED3900E4F0BF /* base64.cpp */; };
		879FB84B1B7AED3900E4F0BF /* cJSON.c in Sources */ = {isa = PBXBuildFile; fileRef = 879FB8361B7AED3900E4F0BF /* cJSON.c */; };
		879FB84C1B7AED3900E4F0BF /* HMAC_SHA1.cpp in Sources */ = {isa = PBXBuildFile; fileRef = 879FB8391B7AED3900E4F0BF /* HMAC_SHA1.cpp */; };
		879FB84D1B7AED3900E4F0BF /* requests.cpp in Sources */ = {isa = PBXBuildFile; fileRef = 879FB83C1B7AED3900E4F0BF /* requests.cpp */; };
		879FB84E1B7AED3900E4F0BF /* SHA1.cpp in Sources */ = {isa = PBXBuildFile; fileRef = 879FB83E1B7AED3900E4F0BF /* SHA1.cpp */; };
		879FB84F1B7AED3900E4F0BF /* socket.cpp in Sources */ = {isa = PBXBuildFile; fileRef = 879FB8401B7AED3900E4F0BF /* socket.cpp */; };
		879FB8501B7AED3900E4F0BF /* udpsocket.cpp in Sources */ = {isa = PBXBuildFile; fileRef = 879FB8421B7AED3900E4F0BF /* udpsocket.cpp */; };
		879FB8511B7AED3900E4F0BF /* urlencode.cpp in Sources */ = {isa = PBXBuildFile; fileRef = 879FB8441B7AED3900E4F0BF /* urlencode.cpp */; };
		879FB8521B7AED3900E4F0BF /* utilities.cpp in Sources */ = {isa = PBXBuildFile; fileRef = 879FB8461B7AED3900E4F0BF /* utilities.cpp */; };
		879FB8561B7AF66400E4F0BF /* SplashScene.cpp in Sources */ = {isa = PBXBuildFile; fileRef = 879FB8541B7AF66400E4F0BF /* SplashScene.cpp */; };
		879FB85D1B7B001900E4F0BF /* MainMenuScene.cpp in Sources */ = {isa = PBXBuildFile; fileRef = 879FB85B1B7B001900E4F0BF /* MainMenuScene.cpp */; };
		87A088CE1BA2A41D00320585 /* Camera2d.cpp in Sources */ = {isa = PBXBuildFile; fileRef = 87A088CC1BA2A41D00320585 /* Camera2d.cpp */; };
		87A088D41BA2A69D00320585 /* Fighter.cpp in Sources */ = {isa = PBXBuildFile; fileRef = 87A088D21BA2A69D00320585 /* Fighter.cpp */; };
		87E23D8F1B9C00F500F5A01E /* GameHelper.cpp in Sources */ = {isa = PBXBuildFile; fileRef = 87E23D8D1B9C00F500F5A01E /* GameHelper.cpp */; };
		87E23D981B9C8DED00F5A01E /* LoadingLayer.cpp in Sources */ = {isa = PBXBuildFile; fileRef = 87E23D961B9C8DED00F5A01E /* LoadingLayer.cpp */; };
		BF171245129291EC00B8313A /* OpenGLES.framework in Frameworks */ = {isa = PBXBuildFile; fileRef = BF170DB012928DE900B8313A /* OpenGLES.framework */; };
		BF1712471292920000B8313A /* libz.dylib in Frameworks */ = {isa = PBXBuildFile; fileRef = BF170DB412928DE900B8313A /* libz.dylib */; };
		BF1C47F01293687400B63C5D /* QuartzCore.framework in Frameworks */ = {isa = PBXBuildFile; fileRef = BF1C47EA1293683800B63C5D /* QuartzCore.framework */; };
		D44C620C132DFF330009C878 /* OpenAL.framework in Frameworks */ = {isa = PBXBuildFile; fileRef = D44C620B132DFF330009C878 /* OpenAL.framework */; };
		D44C620E132DFF430009C878 /* AVFoundation.framework in Frameworks */ = {isa = PBXBuildFile; fileRef = D44C620D132DFF430009C878 /* AVFoundation.framework */; };
		D44C6210132DFF4E0009C878 /* AudioToolbox.framework in Frameworks */ = {isa = PBXBuildFile; fileRef = D44C620F132DFF4E0009C878 /* AudioToolbox.framework */; };
		D6B0611B1803AB670077942B /* CoreMotion.framework in Frameworks */ = {isa = PBXBuildFile; fileRef = D6B0611A1803AB670077942B /* CoreMotion.framework */; };
/* End PBXBuildFile section */

/* Begin PBXContainerItemProxy section */
		1AC6FAF8180E9839004C840B /* PBXContainerItemProxy */ = {
			isa = PBXContainerItemProxy;
			containerPortal = 1AC6FAE5180E9839004C840B /* cocos2d_libs.xcodeproj */;
			proxyType = 2;
			remoteGlobalIDString = 1551A33F158F2AB200E66CFE;
			remoteInfo = "cocos2dx Mac";
		};
		1AC6FB06180E9839004C840B /* PBXContainerItemProxy */ = {
			isa = PBXContainerItemProxy;
			containerPortal = 1AC6FAE5180E9839004C840B /* cocos2d_libs.xcodeproj */;
			proxyType = 2;
			remoteGlobalIDString = A07A4D641783777C0073F6A7;
			remoteInfo = "cocos2dx iOS";
		};
		1AC6FB15180E9959004C840B /* PBXContainerItemProxy */ = {
			isa = PBXContainerItemProxy;
			containerPortal = 1AC6FAE5180E9839004C840B /* cocos2d_libs.xcodeproj */;
			proxyType = 1;
			remoteGlobalIDString = 1551A33E158F2AB200E66CFE;
			remoteInfo = "cocos2dx Mac";
		};
		1AC6FB24180E99E1004C840B /* PBXContainerItemProxy */ = {
			isa = PBXContainerItemProxy;
			containerPortal = 1AC6FAE5180E9839004C840B /* cocos2d_libs.xcodeproj */;
			proxyType = 1;
			remoteGlobalIDString = A07A4C241783777C0073F6A7;
			remoteInfo = "cocos2dx iOS";
		};
/* End PBXContainerItemProxy section */

/* Begin PBXFileReference section */
		18D1D2D31B9FEDD2001A3829 /* music */ = {isa = PBXFileReference; lastKnownFileType = folder; path = music; sourceTree = "<group>"; };
		1AC6FAE5180E9839004C840B /* cocos2d_libs.xcodeproj */ = {isa = PBXFileReference; lastKnownFileType = "wrapper.pb-project"; name = cocos2d_libs.xcodeproj; path = ../cocos2d/build/cocos2d_libs.xcodeproj; sourceTree = "<group>"; };
		1ACB3243164770DE00914215 /* libcurl.a */ = {isa = PBXFileReference; lastKnownFileType = archive.ar; name = libcurl.a; path = ../../cocos2dx/platform/third_party/ios/libraries/libcurl.a; sourceTree = "<group>"; };
		1D30AB110D05D00D00671497 /* Foundation.framework */ = {isa = PBXFileReference; lastKnownFileType = wrapper.framework; name = Foundation.framework; path = System/Library/Frameworks/Foundation.framework; sourceTree = SDKROOT; };
		1D6058910D05DD3D006BFB54 /* KOF-mobile.app */ = {isa = PBXFileReference; explicitFileType = wrapper.application; includeInIndex = 0; path = "KOF-mobile.app"; sourceTree = BUILT_PRODUCTS_DIR; };
		1DF5F4DF0D08C38300B7A737 /* UIKit.framework */ = {isa = PBXFileReference; lastKnownFileType = wrapper.framework; name = UIKit.framework; path = System/Library/Frameworks/UIKit.framework; sourceTree = SDKROOT; };
		288765A40DF7441C002DB57D /* CoreGraphics.framework */ = {isa = PBXFileReference; lastKnownFileType = wrapper.framework; name = CoreGraphics.framework; path = System/Library/Frameworks/CoreGraphics.framework; sourceTree = SDKROOT; };
		3EACC98E19EE6D4300EB3C5E /* res */ = {isa = PBXFileReference; lastKnownFileType = folder; path = res; sourceTree = "<group>"; };
		46880B8419C43A87006E1F66 /* AppDelegate.cpp */ = {isa = PBXFileReference; fileEncoding = 4; lastKnownFileType = sourcecode.cpp.cpp; path = AppDelegate.cpp; sourceTree = "<group>"; };
		46880B8519C43A87006E1F66 /* AppDelegate.h */ = {isa = PBXFileReference; fileEncoding = 4; lastKnownFileType = sourcecode.c.h; name = AppDelegate.h; path = ../../Classes/AppDelegate.h; sourceTree = "<group>"; };
		503AE0F617EB97AB00D1A890 /* Icon.icns */ = {isa = PBXFileReference; lastKnownFileType = image.icns; path = Icon.icns; sourceTree = "<group>"; };
		503AE0F717EB97AB00D1A890 /* Info.plist */ = {isa = PBXFileReference; fileEncoding = 4; lastKnownFileType = text.plist.xml; path = Info.plist; sourceTree = "<group>"; };
		503AE0FA17EB989F00D1A890 /* AppController.h */ = {isa = PBXFileReference; fileEncoding = 4; lastKnownFileType = sourcecode.c.h; name = AppController.h; path = ios/AppController.h; sourceTree = SOURCE_ROOT; };
		503AE0FB17EB989F00D1A890 /* AppController.mm */ = {isa = PBXFileReference; fileEncoding = 4; lastKnownFileType = sourcecode.cpp.objcpp; name = AppController.mm; path = ios/AppController.mm; sourceTree = SOURCE_ROOT; };
		503AE0FC17EB989F00D1A890 /* main.m */ = {isa = PBXFileReference; fileEncoding = 4; lastKnownFileType = sourcecode.c.objc; name = main.m; path = ios/main.m; sourceTree = SOURCE_ROOT; };
		503AE0FD17EB989F00D1A890 /* Prefix.pch */ = {isa = PBXFileReference; fileEncoding = 4; lastKnownFileType = sourcecode.c.h; name = Prefix.pch; path = ios/Prefix.pch; sourceTree = SOURCE_ROOT; };
		503AE0FE17EB989F00D1A890 /* RootViewController.h */ = {isa = PBXFileReference; fileEncoding = 4; lastKnownFileType = sourcecode.c.h; name = RootViewController.h; path = ios/RootViewController.h; sourceTree = SOURCE_ROOT; };
		503AE0FF17EB989F00D1A890 /* RootViewController.mm */ = {isa = PBXFileReference; fileEncoding = 4; lastKnownFileType = sourcecode.cpp.objcpp; name = RootViewController.mm; path = ios/RootViewController.mm; sourceTree = SOURCE_ROOT; };
		503AE10317EB98FF00D1A890 /* main.cpp */ = {isa = PBXFileReference; fileEncoding = 4; lastKnownFileType = sourcecode.cpp.cpp; name = main.cpp; path = mac/main.cpp; sourceTree = "<group>"; };
		503AE10417EB98FF00D1A890 /* Prefix.pch */ = {isa = PBXFileReference; fileEncoding = 4; lastKnownFileType = sourcecode.c.h; name = Prefix.pch; path = mac/Prefix.pch; sourceTree = "<group>"; };
		503AE11117EB99EE00D1A890 /* libcurl.dylib */ = {isa = PBXFileReference; lastKnownFileType = "compiled.mach-o.dylib"; name = libcurl.dylib; path = usr/lib/libcurl.dylib; sourceTree = SDKROOT; };
		503AE11A17EB9C5A00D1A890 /* IOKit.framework */ = {isa = PBXFileReference; lastKnownFileType = wrapper.framework; name = IOKit.framework; path = System/Library/Frameworks/IOKit.framework; sourceTree = SDKROOT; };
		5087E76F17EB910900C73F5D /* KOF-desktop.app */ = {isa = PBXFileReference; explicitFileType = wrapper.application; includeInIndex = 0; path = "KOF-desktop.app"; sourceTree = BUILT_PRODUCTS_DIR; };
		5087E77217EB970100C73F5D /* Default-568h@2x.png */ = {isa = PBXFileReference; lastKnownFileType = image.png; path = "Default-568h@2x.png"; sourceTree = "<group>"; };
		5087E77317EB970100C73F5D /* Default.png */ = {isa = PBXFileReference; lastKnownFileType = image.png; path = Default.png; sourceTree = "<group>"; };
		5087E77417EB970100C73F5D /* Default@2x.png */ = {isa = PBXFileReference; lastKnownFileType = image.png; path = "Default@2x.png"; sourceTree = "<group>"; };
		5087E77517EB970100C73F5D /* Icon-114.png */ = {isa = PBXFileReference; lastKnownFileType = image.png; path = "Icon-114.png"; sourceTree = "<group>"; };
		5087E77617EB970100C73F5D /* Icon-120.png */ = {isa = PBXFileReference; lastKnownFileType = image.png; path = "Icon-120.png"; sourceTree = "<group>"; };
		5087E77717EB970100C73F5D /* Icon-144.png */ = {isa = PBXFileReference; lastKnownFileType = image.png; path = "Icon-144.png"; sourceTree = "<group>"; };
		5087E77817EB970100C73F5D /* Icon-152.png */ = {isa = PBXFileReference; lastKnownFileType = image.png; path = "Icon-152.png"; sourceTree = "<group>"; };
		5087E77917EB970100C73F5D /* Icon-57.png */ = {isa = PBXFileReference; lastKnownFileType = image.png; path = "Icon-57.png"; sourceTree = "<group>"; };
		5087E77A17EB970100C73F5D /* Icon-72.png */ = {isa = PBXFileReference; lastKnownFileType = image.png; path = "Icon-72.png"; sourceTree = "<group>"; };
		5087E77B17EB970100C73F5D /* Icon-76.png */ = {isa = PBXFileReference; lastKnownFileType = image.png; path = "Icon-76.png"; sourceTree = "<group>"; };
		5087E77C17EB970100C73F5D /* Info.plist */ = {isa = PBXFileReference; fileEncoding = 4; lastKnownFileType = text.plist.xml; path = Info.plist; sourceTree = "<group>"; };
		5087E78817EB974C00C73F5D /* AppKit.framework */ = {isa = PBXFileReference; lastKnownFileType = wrapper.framework; name = AppKit.framework; path = System/Library/Frameworks/AppKit.framework; sourceTree = SDKROOT; };
		5087E78A17EB975400C73F5D /* OpenGL.framework */ = {isa = PBXFileReference; lastKnownFileType = wrapper.framework; name = OpenGL.framework; path = System/Library/Frameworks/OpenGL.framework; sourceTree = SDKROOT; };
		50EF629217ECD46A001EB2F8 /* Icon-40.png */ = {isa = PBXFileReference; lastKnownFileType = image.png; path = "Icon-40.png"; sourceTree = "<group>"; };
		50EF629317ECD46A001EB2F8 /* Icon-58.png */ = {isa = PBXFileReference; lastKnownFileType = image.png; path = "Icon-58.png"; sourceTree = "<group>"; };
		50EF629417ECD46A001EB2F8 /* Icon-80.png */ = {isa = PBXFileReference; lastKnownFileType = image.png; path = "Icon-80.png"; sourceTree = "<group>"; };
		50EF629517ECD46A001EB2F8 /* Icon-100.png */ = {isa = PBXFileReference; lastKnownFileType = image.png; path = "Icon-100.png"; sourceTree = "<group>"; };
		50EF62A017ECD613001EB2F8 /* Icon-29.png */ = {isa = PBXFileReference; lastKnownFileType = image.png; path = "Icon-29.png"; sourceTree = "<group>"; };
		50EF62A117ECD613001EB2F8 /* Icon-50.png */ = {isa = PBXFileReference; lastKnownFileType = image.png; path = "Icon-50.png"; sourceTree = "<group>"; };
		521A8E6219F0C34300D177D7 /* Default-667h@2x.png */ = {isa = PBXFileReference; lastKnownFileType = image.png; path = "Default-667h@2x.png"; sourceTree = "<group>"; };
		521A8E6319F0C34300D177D7 /* Default-736h@3x.png */ = {isa = PBXFileReference; lastKnownFileType = image.png; path = "Default-736h@3x.png"; sourceTree = "<group>"; };
		521A8EA819F11F5000D177D7 /* fonts */ = {isa = PBXFileReference; lastKnownFileType = folder; path = fonts; sourceTree = "<group>"; };
		52B47A461A53D09B004E4C60 /* Security.framework */ = {isa = PBXFileReference; lastKnownFileType = wrapper.framework; name = Security.framework; path = Platforms/iPhoneOS.platform/Developer/SDKs/iPhoneOS8.1.sdk/System/Library/Frameworks/Security.framework; sourceTree = DEVELOPER_DIR; };
		8262943D1AAF051F00CB7CF7 /* Security.framework */ = {isa = PBXFileReference; lastKnownFileType = wrapper.framework; name = Security.framework; path = System/Library/Frameworks/Security.framework; sourceTree = SDKROOT; };
		8740B0201B7F605300395343 /* HelpScene.cpp */ = {isa = PBXFileReference; fileEncoding = 4; lastKnownFileType = sourcecode.cpp.cpp; path = HelpScene.cpp; sourceTree = "<group>"; };
		8740B0211B7F605300395343 /* HelpScene.h */ = {isa = PBXFileReference; fileEncoding = 4; lastKnownFileType = sourcecode.c.h; path = HelpScene.h; sourceTree = "<group>"; };
		8740B0231B7F606200395343 /* SettingScene.cpp */ = {isa = PBXFileReference; fileEncoding = 4; lastKnownFileType = sourcecode.cpp.cpp; path = SettingScene.cpp; sourceTree = "<group>"; };
		8740B0241B7F606200395343 /* SettingScene.h */ = {isa = PBXFileReference; fileEncoding = 4; lastKnownFileType = sourcecode.c.h; path = SettingScene.h; sourceTree = "<group>"; };
		878D7F2B1BC3A76300DC10DC /* ANSIString.h */ = {isa = PBXFileReference; fileEncoding = 4; lastKnownFileType = sourcecode.c.h; path = ANSIString.h; sourceTree = "<group>"; };
		878D7F2C1BC3A76300DC10DC /* Base.h */ = {isa = PBXFileReference; fileEncoding = 4; lastKnownFileType = sourcecode.c.h; path = Base.h; sourceTree = "<group>"; };
		878D7F2D1BC3A76300DC10DC /* BaseCharString.h */ = {isa = PBXFileReference; fileEncoding = 4; lastKnownFileType = sourcecode.c.h; path = BaseCharString.h; sourceTree = "<group>"; };
		878D7F2E1BC3A76300DC10DC /* BaseListener.h */ = {isa = PBXFileReference; fileEncoding = 4; lastKnownFileType = sourcecode.c.h; path = BaseListener.h; sourceTree = "<group>"; };
		878D7F2F1BC3A76300DC10DC /* Common.h */ = {isa = PBXFileReference; fileEncoding = 4; lastKnownFileType = sourcecode.c.h; path = Common.h; sourceTree = "<group>"; };
		878D7F301BC3A76300DC10DC /* CustomType.h */ = {isa = PBXFileReference; fileEncoding = 4; lastKnownFileType = sourcecode.c.h; path = CustomType.h; sourceTree = "<group>"; };
		878D7F311BC3A76300DC10DC /* CustomTypeBase.h */ = {isa = PBXFileReference; fileEncoding = 4; lastKnownFileType = sourcecode.c.h; path = CustomTypeBase.h; sourceTree = "<group>"; };
		878D7F321BC3A76300DC10DC /* CustomTypeFactory.h */ = {isa = PBXFileReference; fileEncoding = 4; lastKnownFileType = sourcecode.c.h; path = CustomTypeFactory.h; sourceTree = "<group>"; };
		878D7F331BC3A76300DC10DC /* defines.h */ = {isa = PBXFileReference; fileEncoding = 4; lastKnownFileType = sourcecode.c.h; path = defines.h; sourceTree = "<group>"; };
		878D7F341BC3A76300DC10DC /* DeSerializer.h */ = {isa = PBXFileReference; fileEncoding = 4; lastKnownFileType = sourcecode.c.h; path = DeSerializer.h; sourceTree = "<group>"; };
		878D7F351BC3A76300DC10DC /* Dictionary.h */ = {isa = PBXFileReference; fileEncoding = 4; lastKnownFileType = sourcecode.c.h; path = Dictionary.h; sourceTree = "<group>"; };
		878D7F361BC3A76300DC10DC /* DictionaryBase.h */ = {isa = PBXFileReference; fileEncoding = 4; lastKnownFileType = sourcecode.c.h; path = DictionaryBase.h; sourceTree = "<group>"; };
		878D7F371BC3A76300DC10DC /* EGTime.h */ = {isa = PBXFileReference; fileEncoding = 4; lastKnownFileType = sourcecode.c.h; path = EGTime.h; sourceTree = "<group>"; };
		878D7F391BC3A76300DC10DC /* DebugLevel.h */ = {isa = PBXFileReference; fileEncoding = 4; lastKnownFileType = sourcecode.c.h; path = DebugLevel.h; sourceTree = "<group>"; };
		878D7F3A1BC3A76300DC10DC /* TypeCode.h */ = {isa = PBXFileReference; fileEncoding = 4; lastKnownFileType = sourcecode.c.h; path = TypeCode.h; sourceTree = "<group>"; };
		878D7F3B1BC3A76300DC10DC /* Hashtable.h */ = {isa = PBXFileReference; fileEncoding = 4; lastKnownFileType = sourcecode.c.h; path = Hashtable.h; sourceTree = "<group>"; };
		878D7F3D1BC3A76300DC10DC /* ArrayLengthType.h */ = {isa = PBXFileReference; fileEncoding = 4; lastKnownFileType = sourcecode.c.h; path = ArrayLengthType.h; sourceTree = "<group>"; };
		878D7F3E1BC3A76300DC10DC /* CompileTimeAssertTrue.h */ = {isa = PBXFileReference; fileEncoding = 4; lastKnownFileType = sourcecode.c.h; path = CompileTimeAssertTrue.h; sourceTree = "<group>"; };
		878D7F3F1BC3A76300DC10DC /* ConfirmAllowed.h */ = {isa = PBXFileReference; fileEncoding = 4; lastKnownFileType = sourcecode.c.h; path = ConfirmAllowed.h; sourceTree = "<group>"; };
		878D7F401BC3A76300DC10DC /* ConfirmAllowedKey.h */ = {isa = PBXFileReference; fileEncoding = 4; lastKnownFileType = sourcecode.c.h; path = ConfirmAllowedKey.h; sourceTree = "<group>"; };
		878D7F411BC3A76300DC10DC /* CustomTypeCallbackWrapper.h */ = {isa = PBXFileReference; fileEncoding = 4; lastKnownFileType = sourcecode.c.h; path = CustomTypeCallbackWrapper.h; sourceTree = "<group>"; };
		878D7F421BC3A76300DC10DC /* Data.h */ = {isa = PBXFileReference; fileEncoding = 4; lastKnownFileType = sourcecode.c.h; path = Data.h; sourceTree = "<group>"; };
		878D7F431BC3A76300DC10DC /* debug_assert.h */ = {isa = PBXFileReference; fileEncoding = 4; lastKnownFileType = sourcecode.c.h; path = debug_assert.h; sourceTree = "<group>"; };
		878D7F441BC3A76300DC10DC /* DeSerializerImplementation.h */ = {isa = PBXFileReference; fileEncoding = 4; lastKnownFileType = sourcecode.c.h; path = DeSerializerImplementation.h; sourceTree = "<group>"; };
		878D7F451BC3A76300DC10DC /* EnableIf.h */ = {isa = PBXFileReference; fileEncoding = 4; lastKnownFileType = sourcecode.c.h; path = EnableIf.h; sourceTree = "<group>"; };
		878D7F461BC3A76300DC10DC /* EndianCorrectCast.h */ = {isa = PBXFileReference; fileEncoding = 4; lastKnownFileType = sourcecode.c.h; path = EndianCorrectCast.h; sourceTree = "<group>"; };
		878D7F471BC3A76300DC10DC /* EndianCorrectCastImplementation.h */ = {isa = PBXFileReference; fileEncoding = 4; lastKnownFileType = sourcecode.c.h; path = EndianCorrectCastImplementation.h; sourceTree = "<group>"; };
		878D7F481BC3A76300DC10DC /* IsDerivedFrom.h */ = {isa = PBXFileReference; fileEncoding = 4; lastKnownFileType = sourcecode.c.h; path = IsDerivedFrom.h; sourceTree = "<group>"; };
		878D7F491BC3A76300DC10DC /* IsPrimitiveType.h */ = {isa = PBXFileReference; fileEncoding = 4; lastKnownFileType = sourcecode.c.h; path = IsPrimitiveType.h; sourceTree = "<group>"; };
		878D7F4A1BC3A76300DC10DC /* KeyToObject.h */ = {isa = PBXFileReference; fileEncoding = 4; lastKnownFileType = sourcecode.c.h; path = KeyToObject.h; sourceTree = "<group>"; };
		878D7F4B1BC3A76300DC10DC /* MathHelper.h */ = {isa = PBXFileReference; fileEncoding = 4; lastKnownFileType = sourcecode.c.h; path = MathHelper.h; sourceTree = "<group>"; };
		878D7F4C1BC3A76300DC10DC /* ObjectToStringConverter.h */ = {isa = PBXFileReference; fileEncoding = 4; lastKnownFileType = sourcecode.c.h; path = ObjectToStringConverter.h; sourceTree = "<group>"; };
		878D7F4D1BC3A76300DC10DC /* PrimitiveToStringConverter.h */ = {isa = PBXFileReference; fileEncoding = 4; lastKnownFileType = sourcecode.c.h; path = PrimitiveToStringConverter.h; sourceTree = "<group>"; };
		878D7F4E1BC3A76300DC10DC /* RemoveConst.h */ = {isa = PBXFileReference; fileEncoding = 4; lastKnownFileType = sourcecode.c.h; path = RemoveConst.h; sourceTree = "<group>"; };
		878D7F4F1BC3A76300DC10DC /* RemovePointer.h */ = {isa = PBXFileReference; fileEncoding = 4; lastKnownFileType = sourcecode.c.h; path = RemovePointer.h; sourceTree = "<group>"; };
		878D7F501BC3A76300DC10DC /* SerializerImplementation.h */ = {isa = PBXFileReference; fileEncoding = 4; lastKnownFileType = sourcecode.c.h; path = SerializerImplementation.h; sourceTree = "<group>"; };
		878D7F511BC3A76300DC10DC /* Thread.h */ = {isa = PBXFileReference; fileEncoding = 4; lastKnownFileType = sourcecode.c.h; path = Thread.h; sourceTree = "<group>"; };
		878D7F521BC3A76300DC10DC /* ToStringImplementation.h */ = {isa = PBXFileReference; fileEncoding = 4; lastKnownFileType = sourcecode.c.h; path = ToStringImplementation.h; sourceTree = "<group>"; };
		878D7F531BC3A76300DC10DC /* TypeName.h */ = {isa = PBXFileReference; fileEncoding = 4; lastKnownFileType = sourcecode.c.h; path = TypeName.h; sourceTree = "<group>"; };
		878D7F541BC3A76300DC10DC /* ValueToObject.h */ = {isa = PBXFileReference; fileEncoding = 4; lastKnownFileType = sourcecode.c.h; path = ValueToObject.h; sourceTree = "<group>"; };
		878D7F551BC3A76300DC10DC /* JString.h */ = {isa = PBXFileReference; fileEncoding = 4; lastKnownFileType = sourcecode.c.h; path = JString.h; sourceTree = "<group>"; };
		878D7F561BC3A76300DC10DC /* JVector.h */ = {isa = PBXFileReference; fileEncoding = 4; lastKnownFileType = sourcecode.c.h; path = JVector.h; sourceTree = "<group>"; };
		878D7F571BC3A76300DC10DC /* KeyObject.h */ = {isa = PBXFileReference; fileEncoding = 4; lastKnownFileType = sourcecode.c.h; path = KeyObject.h; sourceTree = "<group>"; };
		878D7F581BC3A76300DC10DC /* Logger.h */ = {isa = PBXFileReference; fileEncoding = 4; lastKnownFileType = sourcecode.c.h; path = Logger.h; sourceTree = "<group>"; };
		878D7F5A1BC3A76300DC10DC /* Allocate.h */ = {isa = PBXFileReference; fileEncoding = 4; lastKnownFileType = sourcecode.c.h; path = Allocate.h; sourceTree = "<group>"; };
		878D7F5C1BC3A76300DC10DC /* Entry.h */ = {isa = PBXFileReference; fileEncoding = 4; lastKnownFileType = sourcecode.c.h; path = Entry.h; sourceTree = "<group>"; };
		878D7F5D1BC3A76300DC10DC /* Interface.h */ = {isa = PBXFileReference; fileEncoding = 4; lastKnownFileType = sourcecode.c.h; path = Interface.h; sourceTree = "<group>"; };
		878D7F5E1BC3A76300DC10DC /* MemoryPool.h */ = {isa = PBXFileReference; fileEncoding = 4; lastKnownFileType = sourcecode.c.h; path = MemoryPool.h; sourceTree = "<group>"; };
		878D7F5F1BC3A76300DC10DC /* MemoryPoolManager.h */ = {isa = PBXFileReference; fileEncoding = 4; lastKnownFileType = sourcecode.c.h; path = MemoryPoolManager.h; sourceTree = "<group>"; };
		878D7F601BC3A76300DC10DC /* RawStorage.h */ = {isa = PBXFileReference; fileEncoding = 4; lastKnownFileType = sourcecode.c.h; path = RawStorage.h; sourceTree = "<group>"; };
		878D7F611BC3A76300DC10DC /* Object.h */ = {isa = PBXFileReference; fileEncoding = 4; lastKnownFileType = sourcecode.c.h; path = Object.h; sourceTree = "<group>"; };
		878D7F621BC3A76300DC10DC /* platform_definition.h */ = {isa = PBXFileReference; fileEncoding = 4; lastKnownFileType = sourcecode.c.h; path = platform_definition.h; sourceTree = "<group>"; };
		878D7F631BC3A76300DC10DC /* platformLayer.h */ = {isa = PBXFileReference; fileEncoding = 4; lastKnownFileType = sourcecode.c.h; path = platformLayer.h; sourceTree = "<group>"; };
		878D7F641BC3A76300DC10DC /* porting.h */ = {isa = PBXFileReference; fileEncoding = 4; lastKnownFileType = sourcecode.c.h; path = porting.h; sourceTree = "<group>"; };
		878D7F651BC3A76300DC10DC /* Serializer.h */ = {isa = PBXFileReference; fileEncoding = 4; lastKnownFileType = sourcecode.c.h; path = Serializer.h; sourceTree = "<group>"; };
		878D7F661BC3A76300DC10DC /* ToString.h */ = {isa = PBXFileReference; fileEncoding = 4; lastKnownFileType = sourcecode.c.h; path = ToString.h; sourceTree = "<group>"; };
		878D7F671BC3A76300DC10DC /* UTF8String.h */ = {isa = PBXFileReference; fileEncoding = 4; lastKnownFileType = sourcecode.c.h; path = UTF8String.h; sourceTree = "<group>"; };
		878D7F681BC3A76300DC10DC /* ValueObject.h */ = {isa = PBXFileReference; fileEncoding = 4; lastKnownFileType = sourcecode.c.h; path = ValueObject.h; sourceTree = "<group>"; };
		878D7F6A1BC3A76300DC10DC /* libCommon-cpp_debug_iphoneos.a */ = {isa = PBXFileReference; lastKnownFileType = archive.ar; path = "libCommon-cpp_debug_iphoneos.a"; sourceTree = "<group>"; };
		878D7F6B1BC3A76300DC10DC /* libCommon-cpp_debug_iphonesimulator.a */ = {isa = PBXFileReference; lastKnownFileType = archive.ar; path = "libCommon-cpp_debug_iphonesimulator.a"; sourceTree = "<group>"; };
		878D7F6C1BC3A76300DC10DC /* libCommon-cpp_release_iphoneos.a */ = {isa = PBXFileReference; lastKnownFileType = archive.ar; path = "libCommon-cpp_release_iphoneos.a"; sourceTree = "<group>"; };
		878D7F6D1BC3A76300DC10DC /* libCommon-cpp_release_iphonesimulator.a */ = {isa = PBXFileReference; lastKnownFileType = archive.ar; path = "libCommon-cpp_release_iphonesimulator.a"; sourceTree = "<group>"; };
		878D7F701BC3A76300DC10DC /* AuthenticationValues.h */ = {isa = PBXFileReference; fileEncoding = 4; lastKnownFileType = sourcecode.c.h; path = AuthenticationValues.h; sourceTree = "<group>"; };
		878D7F711BC3A76300DC10DC /* Client.h */ = {isa = PBXFileReference; fileEncoding = 4; lastKnownFileType = sourcecode.c.h; path = Client.h; sourceTree = "<group>"; };
		878D7F731BC3A76300DC10DC /* CustomAuthenticationType.h */ = {isa = PBXFileReference; fileEncoding = 4; lastKnownFileType = sourcecode.c.h; path = CustomAuthenticationType.h; sourceTree = "<group>"; };
		878D7F741BC3A76300DC10DC /* DisconnectCause.h */ = {isa = PBXFileReference; fileEncoding = 4; lastKnownFileType = sourcecode.c.h; path = DisconnectCause.h; sourceTree = "<group>"; };
		878D7F751BC3A76300DC10DC /* ErrorCode.h */ = {isa = PBXFileReference; fileEncoding = 4; lastKnownFileType = sourcecode.c.h; path = ErrorCode.h; sourceTree = "<group>"; };
		878D7F761BC3A76300DC10DC /* LobbyType.h */ = {isa = PBXFileReference; fileEncoding = 4; lastKnownFileType = sourcecode.c.h; path = LobbyType.h; sourceTree = "<group>"; };
		878D7F771BC3A76300DC10DC /* MatchmakingMode.h */ = {isa = PBXFileReference; fileEncoding = 4; lastKnownFileType = sourcecode.c.h; path = MatchmakingMode.h; sourceTree = "<group>"; };
		878D7F781BC3A76300DC10DC /* PeerStates.h */ = {isa = PBXFileReference; fileEncoding = 4; lastKnownFileType = sourcecode.c.h; path = PeerStates.h; sourceTree = "<group>"; };
		878D7F791BC3A76300DC10DC /* ServerType.h */ = {isa = PBXFileReference; fileEncoding = 4; lastKnownFileType = sourcecode.c.h; path = ServerType.h; sourceTree = "<group>"; };
		878D7F7A1BC3A76300DC10DC /* FriendInfo.h */ = {isa = PBXFileReference; fileEncoding = 4; lastKnownFileType = sourcecode.c.h; path = FriendInfo.h; sourceTree = "<group>"; };
		878D7F7C1BC3A76300DC10DC /* AuthenticationValuesSecretSetter.h */ = {isa = PBXFileReference; fileEncoding = 4; lastKnownFileType = sourcecode.c.h; path = AuthenticationValuesSecretSetter.h; sourceTree = "<group>"; };
		878D7F7E1BC3A76300DC10DC /* EventCode.h */ = {isa = PBXFileReference; fileEncoding = 4; lastKnownFileType = sourcecode.c.h; path = EventCode.h; sourceTree = "<group>"; };
		878D7F7F1BC3A76300DC10DC /* JoinType.h */ = {isa = PBXFileReference; fileEncoding = 4; lastKnownFileType = sourcecode.c.h; path = JoinType.h; sourceTree = "<group>"; };
		878D7F801BC3A76300DC10DC /* OperationCode.h */ = {isa = PBXFileReference; fileEncoding = 4; lastKnownFileType = sourcecode.c.h; path = OperationCode.h; sourceTree = "<group>"; };
		878D7F811BC3A76300DC10DC /* ParameterCode.h */ = {isa = PBXFileReference; fileEncoding = 4; lastKnownFileType = sourcecode.c.h; path = ParameterCode.h; sourceTree = "<group>"; };
		878D7F831BC3A76300DC10DC /* Player.h */ = {isa = PBXFileReference; fileEncoding = 4; lastKnownFileType = sourcecode.c.h; path = Player.h; sourceTree = "<group>"; };
		878D7F841BC3A76300DC10DC /* Room.h */ = {isa = PBXFileReference; fileEncoding = 4; lastKnownFileType = sourcecode.c.h; path = Room.h; sourceTree = "<group>"; };
		878D7F851BC3A76300DC10DC /* MutablePlayerFactory.h */ = {isa = PBXFileReference; fileEncoding = 4; lastKnownFileType = sourcecode.c.h; path = MutablePlayerFactory.h; sourceTree = "<group>"; };
		878D7F861BC3A76300DC10DC /* MutableRoomFactory.h */ = {isa = PBXFileReference; fileEncoding = 4; lastKnownFileType = sourcecode.c.h; path = MutableRoomFactory.h; sourceTree = "<group>"; };
		878D7F871BC3A76300DC10DC /* PlayerFactory.h */ = {isa = PBXFileReference; fileEncoding = 4; lastKnownFileType = sourcecode.c.h; path = PlayerFactory.h; sourceTree = "<group>"; };
		878D7F881BC3A76300DC10DC /* PlayerMovementInformant.h */ = {isa = PBXFileReference; fileEncoding = 4; lastKnownFileType = sourcecode.c.h; path = PlayerMovementInformant.h; sourceTree = "<group>"; };
		878D7F891BC3A76300DC10DC /* PlayerPropertiesCacher.h */ = {isa = PBXFileReference; fileEncoding = 4; lastKnownFileType = sourcecode.c.h; path = PlayerPropertiesCacher.h; sourceTree = "<group>"; };
		878D7F8A1BC3A76300DC10DC /* PlayerPropertiesUpdateInformant.h */ = {isa = PBXFileReference; fileEncoding = 4; lastKnownFileType = sourcecode.c.h; path = PlayerPropertiesUpdateInformant.h; sourceTree = "<group>"; };
		878D7F8B1BC3A76300DC10DC /* RoomFactory.h */ = {isa = PBXFileReference; fileEncoding = 4; lastKnownFileType = sourcecode.c.h; path = RoomFactory.h; sourceTree = "<group>"; };
		878D7F8C1BC3A76300DC10DC /* RoomPropertiesCacher.h */ = {isa = PBXFileReference; fileEncoding = 4; lastKnownFileType = sourcecode.c.h; path = RoomPropertiesCacher.h; sourceTree = "<group>"; };
		878D7F8D1BC3A76300DC10DC /* Utils.h */ = {isa = PBXFileReference; fileEncoding = 4; lastKnownFileType = sourcecode.c.h; path = Utils.h; sourceTree = "<group>"; };
		878D7F8E1BC3A76300DC10DC /* Listener.h */ = {isa = PBXFileReference; fileEncoding = 4; lastKnownFileType = sourcecode.c.h; path = Listener.h; sourceTree = "<group>"; };
		878D7F8F1BC3A76300DC10DC /* LobbyStatsRequest.h */ = {isa = PBXFileReference; fileEncoding = 4; lastKnownFileType = sourcecode.c.h; path = LobbyStatsRequest.h; sourceTree = "<group>"; };
		878D7F901BC3A76300DC10DC /* LobbyStatsResponse.h */ = {isa = PBXFileReference; fileEncoding = 4; lastKnownFileType = sourcecode.c.h; path = LobbyStatsResponse.h; sourceTree = "<group>"; };
		878D7F911BC3A76300DC10DC /* MutablePlayer.h */ = {isa = PBXFileReference; fileEncoding = 4; lastKnownFileType = sourcecode.c.h; path = MutablePlayer.h; sourceTree = "<group>"; };
		878D7F921BC3A76300DC10DC /* MutableRoom.h */ = {isa = PBXFileReference; fileEncoding = 4; lastKnownFileType = sourcecode.c.h; path = MutableRoom.h; sourceTree = "<group>"; };
		878D7F931BC3A76300DC10DC /* Peer.h */ = {isa = PBXFileReference; fileEncoding = 4; lastKnownFileType = sourcecode.c.h; path = Peer.h; sourceTree = "<group>"; };
		878D7F941BC3A76300DC10DC /* Player.h */ = {isa = PBXFileReference; fileEncoding = 4; lastKnownFileType = sourcecode.c.h; path = Player.h; sourceTree = "<group>"; };
		878D7F951BC3A76300DC10DC /* Room.h */ = {isa = PBXFileReference; fileEncoding = 4; lastKnownFileType = sourcecode.c.h; path = Room.h; sourceTree = "<group>"; };
		878D7F971BC3A76300DC10DC /* libLoadBalancing-cpp_debug_iphoneos.a */ = {isa = PBXFileReference; lastKnownFileType = archive.ar; path = "libLoadBalancing-cpp_debug_iphoneos.a"; sourceTree = "<group>"; };
		878D7F981BC3A76300DC10DC /* libLoadBalancing-cpp_debug_iphonesimulator.a */ = {isa = PBXFileReference; lastKnownFileType = archive.ar; path = "libLoadBalancing-cpp_debug_iphonesimulator.a"; sourceTree = "<group>"; };
		878D7F991BC3A76300DC10DC /* libLoadBalancing-cpp_release_iphoneos.a */ = {isa = PBXFileReference; lastKnownFileType = archive.ar; path = "libLoadBalancing-cpp_release_iphoneos.a"; sourceTree = "<group>"; };
		878D7F9A1BC3A76300DC10DC /* libLoadBalancing-cpp_release_iphonesimulator.a */ = {isa = PBXFileReference; lastKnownFileType = archive.ar; path = "libLoadBalancing-cpp_release_iphonesimulator.a"; sourceTree = "<group>"; };
		878D7F9E1BC3A76400DC10DC /* ConnectionProtocol.h */ = {isa = PBXFileReference; fileEncoding = 4; lastKnownFileType = sourcecode.c.h; path = ConnectionProtocol.h; sourceTree = "<group>"; };
		878D7F9F1BC3A76400DC10DC /* ErrorCode.h */ = {isa = PBXFileReference; fileEncoding = 4; lastKnownFileType = sourcecode.c.h; path = ErrorCode.h; sourceTree = "<group>"; };
		878D7FA01BC3A76400DC10DC /* EventCache.h */ = {isa = PBXFileReference; fileEncoding = 4; lastKnownFileType = sourcecode.c.h; path = EventCache.h; sourceTree = "<group>"; };
		878D7FA11BC3A76400DC10DC /* EventCode.h */ = {isa = PBXFileReference; fileEncoding = 4; lastKnownFileType = sourcecode.c.h; path = EventCode.h; sourceTree = "<group>"; };
		878D7FA21BC3A76400DC10DC /* EventKey.h */ = {isa = PBXFileReference; fileEncoding = 4; lastKnownFileType = sourcecode.c.h; path = EventKey.h; sourceTree = "<group>"; };
		878D7FA31BC3A76400DC10DC /* NetworkPort.h */ = {isa = PBXFileReference; fileEncoding = 4; lastKnownFileType = sourcecode.c.h; path = NetworkPort.h; sourceTree = "<group>"; };
		878D7FA41BC3A76400DC10DC /* OperationCode.h */ = {isa = PBXFileReference; fileEncoding = 4; lastKnownFileType = sourcecode.c.h; path = OperationCode.h; sourceTree = "<group>"; };
		878D7FA51BC3A76400DC10DC /* ParameterCode.h */ = {isa = PBXFileReference; fileEncoding = 4; lastKnownFileType = sourcecode.c.h; path = ParameterCode.h; sourceTree = "<group>"; };
		878D7FA61BC3A76400DC10DC /* PeerState.h */ = {isa = PBXFileReference; fileEncoding = 4; lastKnownFileType = sourcecode.c.h; path = PeerState.h; sourceTree = "<group>"; };
		878D7FA71BC3A76400DC10DC /* ReceiverGroup.h */ = {isa = PBXFileReference; fileEncoding = 4; lastKnownFileType = sourcecode.c.h; path = ReceiverGroup.h; sourceTree = "<group>"; };
		878D7FA81BC3A76400DC10DC /* StatusCode.h */ = {isa = PBXFileReference; fileEncoding = 4; lastKnownFileType = sourcecode.c.h; path = StatusCode.h; sourceTree = "<group>"; };
		878D7FA91BC3A76400DC10DC /* EventData.h */ = {isa = PBXFileReference; fileEncoding = 4; lastKnownFileType = sourcecode.c.h; path = EventData.h; sourceTree = "<group>"; };
		878D7FAA1BC3A76400DC10DC /* LitePeer.h */ = {isa = PBXFileReference; fileEncoding = 4; lastKnownFileType = sourcecode.c.h; path = LitePeer.h; sourceTree = "<group>"; };
		878D7FAB1BC3A76400DC10DC /* OperationRequest.h */ = {isa = PBXFileReference; fileEncoding = 4; lastKnownFileType = sourcecode.c.h; path = OperationRequest.h; sourceTree = "<group>"; };
		878D7FAC1BC3A76400DC10DC /* OperationResponse.h */ = {isa = PBXFileReference; fileEncoding = 4; lastKnownFileType = sourcecode.c.h; path = OperationResponse.h; sourceTree = "<group>"; };
		878D7FAD1BC3A76400DC10DC /* PhotonListener.h */ = {isa = PBXFileReference; fileEncoding = 4; lastKnownFileType = sourcecode.c.h; path = PhotonListener.h; sourceTree = "<group>"; };
		878D7FAE1BC3A76400DC10DC /* PhotonPeer.h */ = {isa = PBXFileReference; fileEncoding = 4; lastKnownFileType = sourcecode.c.h; path = PhotonPeer.h; sourceTree = "<group>"; };
		878D7FAF1BC3A76400DC10DC /* TrafficStats.h */ = {isa = PBXFileReference; fileEncoding = 4; lastKnownFileType = sourcecode.c.h; path = TrafficStats.h; sourceTree = "<group>"; };
		878D7FB01BC3A76400DC10DC /* TrafficStatsGameLevel.h */ = {isa = PBXFileReference; fileEncoding = 4; lastKnownFileType = sourcecode.c.h; path = TrafficStatsGameLevel.h; sourceTree = "<group>"; };
		878D7FB21BC3A76400DC10DC /* libPhoton-cpp_debug_iphoneos.a */ = {isa = PBXFileReference; lastKnownFileType = archive.ar; path = "libPhoton-cpp_debug_iphoneos.a"; sourceTree = "<group>"; };
		878D7FB31BC3A76400DC10DC /* libPhoton-cpp_debug_iphonesimulator.a */ = {isa = PBXFileReference; lastKnownFileType = archive.ar; path = "libPhoton-cpp_debug_iphonesimulator.a"; sourceTree = "<group>"; };
		878D7FB41BC3A76400DC10DC /* libPhoton-cpp_release_iphoneos.a */ = {isa = PBXFileReference; lastKnownFileType = archive.ar; path = "libPhoton-cpp_release_iphoneos.a"; sourceTree = "<group>"; };
		878D7FB51BC3A76400DC10DC /* libPhoton-cpp_release_iphonesimulator.a */ = {isa = PBXFileReference; lastKnownFileType = archive.ar; path = "libPhoton-cpp_release_iphonesimulator.a"; sourceTree = "<group>"; };
		878D7FC21BC3A88C00DC10DC /* PhotonMultiplayer.cpp */ = {isa = PBXFileReference; fileEncoding = 4; lastKnownFileType = sourcecode.cpp.cpp; path = PhotonMultiplayer.cpp; sourceTree = "<group>"; };
		878D7FC31BC3A88C00DC10DC /* PhotonMultiplayer.hpp */ = {isa = PBXFileReference; fileEncoding = 4; lastKnownFileType = sourcecode.cpp.h; path = PhotonMultiplayer.hpp; sourceTree = "<group>"; };
		8793B60B1B99E40C00277AC7 /* GameKitHelper.h */ = {isa = PBXFileReference; fileEncoding = 4; lastKnownFileType = sourcecode.c.h; path = GameKitHelper.h; sourceTree = "<group>"; };
		8793B60C1B99E40C00277AC7 /* GameKitHelper.mm */ = {isa = PBXFileReference; fileEncoding = 4; lastKnownFileType = sourcecode.cpp.objcpp; path = GameKitHelper.mm; sourceTree = "<group>"; };
		8793B60D1B99E40C00277AC7 /* GKCppAlternatives.h */ = {isa = PBXFileReference; fileEncoding = 4; lastKnownFileType = sourcecode.c.h; path = GKCppAlternatives.h; sourceTree = "<group>"; };
		8793B60E1B99E40C00277AC7 /* GKHDelegate.cpp */ = {isa = PBXFileReference; fileEncoding = 4; lastKnownFileType = sourcecode.cpp.cpp; path = GKHDelegate.cpp; sourceTree = "<group>"; };
		8793B60F1B99E40C00277AC7 /* GKHDelegate.h */ = {isa = PBXFileReference; fileEncoding = 4; lastKnownFileType = sourcecode.c.h; path = GKHDelegate.h; sourceTree = "<group>"; };
		8793B6101B99E40C00277AC7 /* GKHWrapperCpp.h */ = {isa = PBXFileReference; fileEncoding = 4; lastKnownFileType = sourcecode.c.h; path = GKHWrapperCpp.h; sourceTree = "<group>"; };
		8793B6111B99E40C00277AC7 /* GKHWrapperCpp.mm */ = {isa = PBXFileReference; fileEncoding = 4; lastKnownFileType = sourcecode.cpp.objcpp; path = GKHWrapperCpp.mm; sourceTree = "<group>"; };
		8793B6121B99E40C00277AC7 /* README.md */ = {isa = PBXFileReference; fileEncoding = 4; lastKnownFileType = net.daringfireball.markdown; path = README.md; sourceTree = "<group>"; };
		8793B61B1B99E67800277AC7 /* GameKit.framework */ = {isa = PBXFileReference; lastKnownFileType = wrapper.framework; name = GameKit.framework; path = Platforms/iPhoneOS.platform/Developer/SDKs/iPhoneOS8.4.sdk/System/Library/Frameworks/GameKit.framework; sourceTree = DEVELOPER_DIR; };
		879FB8311B7AED3900E4F0BF /* appwarp.cpp */ = {isa = PBXFileReference; fileEncoding = 4; lastKnownFileType = sourcecode.cpp.cpp; path = appwarp.cpp; sourceTree = "<group>"; };
		879FB8321B7AED3900E4F0BF /* appwarp.h */ = {isa = PBXFileReference; fileEncoding = 4; lastKnownFileType = sourcecode.c.h; path = appwarp.h; sourceTree = "<group>"; };
		879FB8331B7AED3900E4F0BF /* appwarp_extended.cpp */ = {isa = PBXFileReference; fileEncoding = 4; lastKnownFileType = sourcecode.cpp.cpp; path = appwarp_extended.cpp; sourceTree = "<group>"; };
		879FB8341B7AED3900E4F0BF /* base64.cpp */ = {isa = PBXFileReference; fileEncoding = 4; lastKnownFileType = sourcecode.cpp.cpp; path = base64.cpp; sourceTree = "<group>"; };
		879FB8351B7AED3900E4F0BF /* base64.h */ = {isa = PBXFileReference; fileEncoding = 4; lastKnownFileType = sourcecode.c.h; path = base64.h; sourceTree = "<group>"; };
		879FB8361B7AED3900E4F0BF /* cJSON.c */ = {isa = PBXFileReference; fileEncoding = 4; lastKnownFileType = sourcecode.c.c; path = cJSON.c; sourceTree = "<group>"; };
		879FB8371B7AED3900E4F0BF /* cJSON.h */ = {isa = PBXFileReference; fileEncoding = 4; lastKnownFileType = sourcecode.c.h; path = cJSON.h; sourceTree = "<group>"; };
		879FB8381B7AED3900E4F0BF /* defines.h */ = {isa = PBXFileReference; fileEncoding = 4; lastKnownFileType = sourcecode.c.h; path = defines.h; sourceTree = "<group>"; };
		879FB8391B7AED3900E4F0BF /* HMAC_SHA1.cpp */ = {isa = PBXFileReference; fileEncoding = 4; lastKnownFileType = sourcecode.cpp.cpp; path = HMAC_SHA1.cpp; sourceTree = "<group>"; };
		879FB83A1B7AED3900E4F0BF /* HMAC_SHA1.h */ = {isa = PBXFileReference; fileEncoding = 4; lastKnownFileType = sourcecode.c.h; path = HMAC_SHA1.h; sourceTree = "<group>"; };
		879FB83B1B7AED3900E4F0BF /* listener.h */ = {isa = PBXFileReference; fileEncoding = 4; lastKnownFileType = sourcecode.c.h; path = listener.h; sourceTree = "<group>"; };
		879FB83C1B7AED3900E4F0BF /* requests.cpp */ = {isa = PBXFileReference; fileEncoding = 4; lastKnownFileType = sourcecode.cpp.cpp; path = requests.cpp; sourceTree = "<group>"; };
		879FB83D1B7AED3900E4F0BF /* requests.h */ = {isa = PBXFileReference; fileEncoding = 4; lastKnownFileType = sourcecode.c.h; path = requests.h; sourceTree = "<group>"; };
		879FB83E1B7AED3900E4F0BF /* SHA1.cpp */ = {isa = PBXFileReference; fileEncoding = 4; lastKnownFileType = sourcecode.cpp.cpp; path = SHA1.cpp; sourceTree = "<group>"; };
		879FB83F1B7AED3900E4F0BF /* SHA1.h */ = {isa = PBXFileReference; fileEncoding = 4; lastKnownFileType = sourcecode.c.h; path = SHA1.h; sourceTree = "<group>"; };
		879FB8401B7AED3900E4F0BF /* socket.cpp */ = {isa = PBXFileReference; fileEncoding = 4; lastKnownFileType = sourcecode.cpp.cpp; path = socket.cpp; sourceTree = "<group>"; };
		879FB8411B7AED3900E4F0BF /* socket.h */ = {isa = PBXFileReference; fileEncoding = 4; lastKnownFileType = sourcecode.c.h; path = socket.h; sourceTree = "<group>"; };
		879FB8421B7AED3900E4F0BF /* udpsocket.cpp */ = {isa = PBXFileReference; fileEncoding = 4; lastKnownFileType = sourcecode.cpp.cpp; path = udpsocket.cpp; sourceTree = "<group>"; };
		879FB8431B7AED3900E4F0BF /* udpsocket.h */ = {isa = PBXFileReference; fileEncoding = 4; lastKnownFileType = sourcecode.c.h; path = udpsocket.h; sourceTree = "<group>"; };
		879FB8441B7AED3900E4F0BF /* urlencode.cpp */ = {isa = PBXFileReference; fileEncoding = 4; lastKnownFileType = sourcecode.cpp.cpp; path = urlencode.cpp; sourceTree = "<group>"; };
		879FB8451B7AED3900E4F0BF /* urlencode.h */ = {isa = PBXFileReference; fileEncoding = 4; lastKnownFileType = sourcecode.c.h; path = urlencode.h; sourceTree = "<group>"; };
		879FB8461B7AED3900E4F0BF /* utilities.cpp */ = {isa = PBXFileReference; fileEncoding = 4; lastKnownFileType = sourcecode.cpp.cpp; path = utilities.cpp; sourceTree = "<group>"; };
		879FB8471B7AED3900E4F0BF /* utilities.h */ = {isa = PBXFileReference; fileEncoding = 4; lastKnownFileType = sourcecode.c.h; path = utilities.h; sourceTree = "<group>"; };
		879FB8541B7AF66400E4F0BF /* SplashScene.cpp */ = {isa = PBXFileReference; fileEncoding = 4; lastKnownFileType = sourcecode.cpp.cpp; path = SplashScene.cpp; sourceTree = "<group>"; };
		879FB8551B7AF66400E4F0BF /* SplashScene.h */ = {isa = PBXFileReference; fileEncoding = 4; lastKnownFileType = sourcecode.c.h; path = SplashScene.h; sourceTree = "<group>"; };
		879FB8571B7AF7DE00E4F0BF /* Definitions.h */ = {isa = PBXFileReference; fileEncoding = 4; lastKnownFileType = sourcecode.c.h; path = Definitions.h; sourceTree = "<group>"; };
		879FB85B1B7B001900E4F0BF /* MainMenuScene.cpp */ = {isa = PBXFileReference; fileEncoding = 4; lastKnownFileType = sourcecode.cpp.cpp; path = MainMenuScene.cpp; sourceTree = "<group>"; };
		879FB85C1B7B001900E4F0BF /* MainMenuScene.h */ = {isa = PBXFileReference; fileEncoding = 4; lastKnownFileType = sourcecode.c.h; path = MainMenuScene.h; sourceTree = "<group>"; };
		87A088CC1BA2A41D00320585 /* Camera2d.cpp */ = {isa = PBXFileReference; fileEncoding = 4; lastKnownFileType = sourcecode.cpp.cpp; path = Camera2d.cpp; sourceTree = "<group>"; };
		87A088CD1BA2A41D00320585 /* Camera2d.h */ = {isa = PBXFileReference; fileEncoding = 4; lastKnownFileType = sourcecode.c.h; path = Camera2d.h; sourceTree = "<group>"; };
		87A088D21BA2A69D00320585 /* Fighter.cpp */ = {isa = PBXFileReference; fileEncoding = 4; lastKnownFileType = sourcecode.cpp.cpp; path = Fighter.cpp; sourceTree = "<group>"; };
		87A088D31BA2A69D00320585 /* Fighter.h */ = {isa = PBXFileReference; fileEncoding = 4; lastKnownFileType = sourcecode.c.h; path = Fighter.h; sourceTree = "<group>"; };
		87CD653F1BB53474003121CE /* MultiplayerCallback.h */ = {isa = PBXFileReference; lastKnownFileType = sourcecode.c.h; path = MultiplayerCallback.h; sourceTree = "<group>"; };
		87E23D8D1B9C00F500F5A01E /* GameHelper.cpp */ = {isa = PBXFileReference; fileEncoding = 4; lastKnownFileType = sourcecode.cpp.cpp; path = GameHelper.cpp; sourceTree = "<group>"; };
		87E23D8E1B9C00F500F5A01E /* GameHelper.h */ = {isa = PBXFileReference; fileEncoding = 4; lastKnownFileType = sourcecode.c.h; path = GameHelper.h; sourceTree = "<group>"; };
		87E23D961B9C8DED00F5A01E /* LoadingLayer.cpp */ = {isa = PBXFileReference; fileEncoding = 4; lastKnownFileType = sourcecode.cpp.cpp; path = LoadingLayer.cpp; sourceTree = "<group>"; };
		87E23D971B9C8DED00F5A01E /* LoadingLayer.h */ = {isa = PBXFileReference; fileEncoding = 4; lastKnownFileType = sourcecode.c.h; path = LoadingLayer.h; sourceTree = "<group>"; };
		B01820A01BC3B34900FBE4A1 /* AppDelegate.h */ = {isa = PBXFileReference; lastKnownFileType = sourcecode.c.h; path = AppDelegate.h; sourceTree = "<group>"; };
		BF170DB012928DE900B8313A /* OpenGLES.framework */ = {isa = PBXFileReference; lastKnownFileType = wrapper.framework; name = OpenGLES.framework; path = System/Library/Frameworks/OpenGLES.framework; sourceTree = SDKROOT; };
		BF170DB412928DE900B8313A /* libz.dylib */ = {isa = PBXFileReference; lastKnownFileType = "compiled.mach-o.dylib"; name = libz.dylib; path = usr/lib/libz.dylib; sourceTree = SDKROOT; };
		BF1C47EA1293683800B63C5D /* QuartzCore.framework */ = {isa = PBXFileReference; lastKnownFileType = wrapper.framework; name = QuartzCore.framework; path = System/Library/Frameworks/QuartzCore.framework; sourceTree = SDKROOT; };
		D44C620B132DFF330009C878 /* OpenAL.framework */ = {isa = PBXFileReference; lastKnownFileType = wrapper.framework; name = OpenAL.framework; path = System/Library/Frameworks/OpenAL.framework; sourceTree = SDKROOT; };
		D44C620D132DFF430009C878 /* AVFoundation.framework */ = {isa = PBXFileReference; lastKnownFileType = wrapper.framework; name = AVFoundation.framework; path = System/Library/Frameworks/AVFoundation.framework; sourceTree = SDKROOT; };
		D44C620F132DFF4E0009C878 /* AudioToolbox.framework */ = {isa = PBXFileReference; lastKnownFileType = wrapper.framework; name = AudioToolbox.framework; path = System/Library/Frameworks/AudioToolbox.framework; sourceTree = SDKROOT; };
		D6B0611A1803AB670077942B /* CoreMotion.framework */ = {isa = PBXFileReference; lastKnownFileType = wrapper.framework; name = CoreMotion.framework; path = Platforms/iPhoneOS.platform/Developer/SDKs/iPhoneOS7.0.sdk/System/Library/Frameworks/CoreMotion.framework; sourceTree = DEVELOPER_DIR; };
/* End PBXFileReference section */

/* Begin PBXFrameworksBuildPhase section */
		1D60588F0D05DD3D006BFB54 /* Frameworks */ = {
			isa = PBXFrameworksBuildPhase;
			buildActionMask = 2147483647;
			files = (
				878D7FBD1BC3A76400DC10DC /* libLoadBalancing-cpp_release_iphonesimulator.a in Frameworks */,
				878D7FBA1BC3A76400DC10DC /* libLoadBalancing-cpp_debug_iphoneos.a in Frameworks */,
				878D7FBE1BC3A76400DC10DC /* libPhoton-cpp_debug_iphoneos.a in Frameworks */,
				8793B61C1B99E67800277AC7 /* GameKit.framework in Frameworks */,
				52B47A471A53D09C004E4C60 /* Security.framework in Frameworks */,
				1AC6FB30180E99EB004C840B /* libcocos2d iOS.a in Frameworks */,
				878D7FBC1BC3A76400DC10DC /* libLoadBalancing-cpp_release_iphoneos.a in Frameworks */,
				D6B0611B1803AB670077942B /* CoreMotion.framework in Frameworks */,
				1D60589F0D05DD5A006BFB54 /* Foundation.framework in Frameworks */,
				1DF5F4E00D08C38300B7A737 /* UIKit.framework in Frameworks */,
				878D7FB81BC3A76400DC10DC /* libCommon-cpp_release_iphoneos.a in Frameworks */,
				288765A50DF7441C002DB57D /* CoreGraphics.framework in Frameworks */,
				BF171245129291EC00B8313A /* OpenGLES.framework in Frameworks */,
				878D7FBF1BC3A76400DC10DC /* libPhoton-cpp_debug_iphonesimulator.a in Frameworks */,
				878D7FB91BC3A76400DC10DC /* libCommon-cpp_release_iphonesimulator.a in Frameworks */,
				BF1712471292920000B8313A /* libz.dylib in Frameworks */,
				878D7FB61BC3A76400DC10DC /* libCommon-cpp_debug_iphoneos.a in Frameworks */,
				878D7FC11BC3A76400DC10DC /* libPhoton-cpp_release_iphonesimulator.a in Frameworks */,
				BF1C47F01293687400B63C5D /* QuartzCore.framework in Frameworks */,
				D44C620C132DFF330009C878 /* OpenAL.framework in Frameworks */,
				878D7FB71BC3A76400DC10DC /* libCommon-cpp_debug_iphonesimulator.a in Frameworks */,
				878D7FC01BC3A76400DC10DC /* libPhoton-cpp_release_iphoneos.a in Frameworks */,
				D44C620E132DFF430009C878 /* AVFoundation.framework in Frameworks */,
				878D7FBB1BC3A76400DC10DC /* libLoadBalancing-cpp_debug_iphonesimulator.a in Frameworks */,
				D44C6210132DFF4E0009C878 /* AudioToolbox.framework in Frameworks */,
			);
			runOnlyForDeploymentPostprocessing = 0;
		};
		5087E75C17EB910900C73F5D /* Frameworks */ = {
			isa = PBXFrameworksBuildPhase;
			buildActionMask = 2147483647;
			files = (
				1AC6FB21180E996B004C840B /* libcocos2d Mac.a in Frameworks */,
				5087E76717EB910900C73F5D /* libz.dylib in Frameworks */,
				8262943E1AAF051F00CB7CF7 /* Security.framework in Frameworks */,
				503AE11B17EB9C5A00D1A890 /* IOKit.framework in Frameworks */,
				5087E78B17EB975400C73F5D /* OpenGL.framework in Frameworks */,
				5087E78917EB974C00C73F5D /* AppKit.framework in Frameworks */,
				5087E76317EB910900C73F5D /* Foundation.framework in Frameworks */,
				5087E76817EB910900C73F5D /* QuartzCore.framework in Frameworks */,
				5087E76917EB910900C73F5D /* OpenAL.framework in Frameworks */,
				5087E76A17EB910900C73F5D /* AVFoundation.framework in Frameworks */,
				5087E76B17EB910900C73F5D /* AudioToolbox.framework in Frameworks */,
			);
			runOnlyForDeploymentPostprocessing = 0;
		};
/* End PBXFrameworksBuildPhase section */

/* Begin PBXGroup section */
		080E96DDFE201D6D7F000001 /* ios */ = {
			isa = PBXGroup;
			children = (
				5087E77117EB970100C73F5D /* Icons */,
				503AE0FA17EB989F00D1A890 /* AppController.h */,
				503AE0FB17EB989F00D1A890 /* AppController.mm */,
				503AE0FC17EB989F00D1A890 /* main.m */,
				503AE0FD17EB989F00D1A890 /* Prefix.pch */,
				503AE0FE17EB989F00D1A890 /* RootViewController.h */,
				503AE0FF17EB989F00D1A890 /* RootViewController.mm */,
			);
			name = ios;
			path = Classes;
			sourceTree = "<group>";
		};
		19C28FACFE9D520D11CA2CBB /* Products */ = {
			isa = PBXGroup;
			children = (
				1D6058910D05DD3D006BFB54 /* KOF-mobile.app */,
				5087E76F17EB910900C73F5D /* KOF-desktop.app */,
			);
			name = Products;
			sourceTree = "<group>";
		};
		1AC6FAE6180E9839004C840B /* Products */ = {
			isa = PBXGroup;
			children = (
				1AC6FAF9180E9839004C840B /* libcocos2d Mac.a */,
				1AC6FB07180E9839004C840B /* libcocos2d iOS.a */,
			);
			name = Products;
			sourceTree = "<group>";
		};
		29B97314FDCFA39411CA2CEA /* CustomTemplate */ = {
			isa = PBXGroup;
			children = (
				878D7F281BC3A76300DC10DC /* Photon-iOS-SDK */,
				8793B60A1B99E40C00277AC7 /* GameKitHelperCpp */,
				879FB8301B7AED3900E4F0BF /* AppWarpX_3.0 */,
				46880B8319C43A87006E1F66 /* Classes */,
				46880B7519C43A67006E1F66 /* Resources */,
				1AC6FAE5180E9839004C840B /* cocos2d_libs.xcodeproj */,
				29B97323FDCFA39411CA2CEA /* Frameworks */,
				080E96DDFE201D6D7F000001 /* ios */,
				503AE10617EB990700D1A890 /* mac */,
				19C28FACFE9D520D11CA2CBB /* Products */,
			);
			name = CustomTemplate;
			sourceTree = "<group>";
		};
		29B97323FDCFA39411CA2CEA /* Frameworks */ = {
			isa = PBXGroup;
			children = (
				8793B61B1B99E67800277AC7 /* GameKit.framework */,
				8262943D1AAF051F00CB7CF7 /* Security.framework */,
				52B47A461A53D09B004E4C60 /* Security.framework */,
				D6B0611A1803AB670077942B /* CoreMotion.framework */,
				503AE11A17EB9C5A00D1A890 /* IOKit.framework */,
				503AE11117EB99EE00D1A890 /* libcurl.dylib */,
				5087E78A17EB975400C73F5D /* OpenGL.framework */,
				5087E78817EB974C00C73F5D /* AppKit.framework */,
				1ACB3243164770DE00914215 /* libcurl.a */,
				BF170DB412928DE900B8313A /* libz.dylib */,
				D44C620F132DFF4E0009C878 /* AudioToolbox.framework */,
				D44C620D132DFF430009C878 /* AVFoundation.framework */,
				288765A40DF7441C002DB57D /* CoreGraphics.framework */,
				1D30AB110D05D00D00671497 /* Foundation.framework */,
				D44C620B132DFF330009C878 /* OpenAL.framework */,
				BF170DB012928DE900B8313A /* OpenGLES.framework */,
				BF1C47EA1293683800B63C5D /* QuartzCore.framework */,
				1DF5F4DF0D08C38300B7A737 /* UIKit.framework */,
			);
			name = Frameworks;
			sourceTree = "<group>";
		};
		46880B7519C43A67006E1F66 /* Resources */ = {
			isa = PBXGroup;
			children = (
				18D1D2D31B9FEDD2001A3829 /* music */,
				521A8EA819F11F5000D177D7 /* fonts */,
				3EACC98E19EE6D4300EB3C5E /* res */,
			);
			name = Resources;
			path = ../Resources;
			sourceTree = "<group>";
		};
		46880B8319C43A87006E1F66 /* Classes */ = {
			isa = PBXGroup;
			children = (
				879FB8571B7AF7DE00E4F0BF /* Definitions.h */,
				B01820A01BC3B34900FBE4A1 /* AppDelegate.h */,
				46880B8419C43A87006E1F66 /* AppDelegate.cpp */,
				879FB8551B7AF66400E4F0BF /* SplashScene.h */,
				879FB8541B7AF66400E4F0BF /* SplashScene.cpp */,
				879FB85C1B7B001900E4F0BF /* MainMenuScene.h */,
				879FB85B1B7B001900E4F0BF /* MainMenuScene.cpp */,
				8740B0211B7F605300395343 /* HelpScene.h */,
				8740B0201B7F605300395343 /* HelpScene.cpp */,
				8740B0241B7F606200395343 /* SettingScene.h */,
				8740B0231B7F606200395343 /* SettingScene.cpp */,
				87E23D971B9C8DED00F5A01E /* LoadingLayer.h */,
				87E23D961B9C8DED00F5A01E /* LoadingLayer.cpp */,
				87CD653F1BB53474003121CE /* MultiplayerCallback.h */,
				87E23D8E1B9C00F500F5A01E /* GameHelper.h */,
				87E23D8D1B9C00F500F5A01E /* GameHelper.cpp */,
				87A088CD1BA2A41D00320585 /* Camera2d.h */,
				87A088CC1BA2A41D00320585 /* Camera2d.cpp */,
				87A088D31BA2A69D00320585 /* Fighter.h */,
				87A088D21BA2A69D00320585 /* Fighter.cpp */,
				878D7FC21BC3A88C00DC10DC /* PhotonMultiplayer.cpp */,
				878D7FC31BC3A88C00DC10DC /* PhotonMultiplayer.hpp */,
			);
			name = Classes;
			path = ../Classes;
			sourceTree = "<group>";
		};
		503AE0F517EB97AB00D1A890 /* Icons */ = {
			isa = PBXGroup;
			children = (
				503AE0F617EB97AB00D1A890 /* Icon.icns */,
				503AE0F717EB97AB00D1A890 /* Info.plist */,
			);
			name = Icons;
			path = mac;
			sourceTree = SOURCE_ROOT;
		};
		503AE10617EB990700D1A890 /* mac */ = {
			isa = PBXGroup;
			children = (
				503AE0F517EB97AB00D1A890 /* Icons */,
				503AE10317EB98FF00D1A890 /* main.cpp */,
				503AE10417EB98FF00D1A890 /* Prefix.pch */,
			);
			name = mac;
			sourceTree = "<group>";
		};
		5087E77117EB970100C73F5D /* Icons */ = {
			isa = PBXGroup;
			children = (
				521A8E6219F0C34300D177D7 /* Default-667h@2x.png */,
				521A8E6319F0C34300D177D7 /* Default-736h@3x.png */,
				5087E77217EB970100C73F5D /* Default-568h@2x.png */,
				5087E77317EB970100C73F5D /* Default.png */,
				5087E77417EB970100C73F5D /* Default@2x.png */,
				50EF62A017ECD613001EB2F8 /* Icon-29.png */,
				50EF62A117ECD613001EB2F8 /* Icon-50.png */,
				50EF629217ECD46A001EB2F8 /* Icon-40.png */,
				50EF629317ECD46A001EB2F8 /* Icon-58.png */,
				50EF629417ECD46A001EB2F8 /* Icon-80.png */,
				50EF629517ECD46A001EB2F8 /* Icon-100.png */,
				5087E77517EB970100C73F5D /* Icon-114.png */,
				5087E77617EB970100C73F5D /* Icon-120.png */,
				5087E77717EB970100C73F5D /* Icon-144.png */,
				5087E77817EB970100C73F5D /* Icon-152.png */,
				5087E77917EB970100C73F5D /* Icon-57.png */,
				5087E77A17EB970100C73F5D /* Icon-72.png */,
				5087E77B17EB970100C73F5D /* Icon-76.png */,
				5087E77C17EB970100C73F5D /* Info.plist */,
			);
			name = Icons;
			path = ios;
			sourceTree = SOURCE_ROOT;
		};
		878D7F281BC3A76300DC10DC /* Photon-iOS-SDK */ = {
			isa = PBXGroup;
			children = (
				878D7F291BC3A76300DC10DC /* Common-cpp */,
				878D7F6E1BC3A76300DC10DC /* LoadBalancing-cpp */,
				878D7F9B1BC3A76300DC10DC /* Photon-cpp */,
			);
			path = "Photon-iOS-SDK";
			sourceTree = "<group>";
		};
		878D7F291BC3A76300DC10DC /* Common-cpp */ = {
			isa = PBXGroup;
			children = (
				878D7F2A1BC3A76300DC10DC /* inc */,
				878D7F691BC3A76300DC10DC /* lib */,
			);
			path = "Common-cpp";
			sourceTree = "<group>";
		};
		878D7F2A1BC3A76300DC10DC /* inc */ = {
			isa = PBXGroup;
			children = (
				878D7F2B1BC3A76300DC10DC /* ANSIString.h */,
				878D7F2C1BC3A76300DC10DC /* Base.h */,
				878D7F2D1BC3A76300DC10DC /* BaseCharString.h */,
				878D7F2E1BC3A76300DC10DC /* BaseListener.h */,
				878D7F2F1BC3A76300DC10DC /* Common.h */,
				878D7F301BC3A76300DC10DC /* CustomType.h */,
				878D7F311BC3A76300DC10DC /* CustomTypeBase.h */,
				878D7F321BC3A76300DC10DC /* CustomTypeFactory.h */,
				878D7F331BC3A76300DC10DC /* defines.h */,
				878D7F341BC3A76300DC10DC /* DeSerializer.h */,
				878D7F351BC3A76300DC10DC /* Dictionary.h */,
				878D7F361BC3A76300DC10DC /* DictionaryBase.h */,
				878D7F371BC3A76300DC10DC /* EGTime.h */,
				878D7F381BC3A76300DC10DC /* Enums */,
				878D7F3B1BC3A76300DC10DC /* Hashtable.h */,
				878D7F3C1BC3A76300DC10DC /* Helpers */,
				878D7F551BC3A76300DC10DC /* JString.h */,
				878D7F561BC3A76300DC10DC /* JVector.h */,
				878D7F571BC3A76300DC10DC /* KeyObject.h */,
				878D7F581BC3A76300DC10DC /* Logger.h */,
				878D7F591BC3A76300DC10DC /* MemoryManagement */,
				878D7F611BC3A76300DC10DC /* Object.h */,
				878D7F621BC3A76300DC10DC /* platform_definition.h */,
				878D7F631BC3A76300DC10DC /* platformLayer.h */,
				878D7F641BC3A76300DC10DC /* porting.h */,
				878D7F651BC3A76300DC10DC /* Serializer.h */,
				878D7F661BC3A76300DC10DC /* ToString.h */,
				878D7F671BC3A76300DC10DC /* UTF8String.h */,
				878D7F681BC3A76300DC10DC /* ValueObject.h */,
			);
			path = inc;
			sourceTree = "<group>";
		};
		878D7F381BC3A76300DC10DC /* Enums */ = {
			isa = PBXGroup;
			children = (
				878D7F391BC3A76300DC10DC /* DebugLevel.h */,
				878D7F3A1BC3A76300DC10DC /* TypeCode.h */,
			);
			path = Enums;
			sourceTree = "<group>";
		};
		878D7F3C1BC3A76300DC10DC /* Helpers */ = {
			isa = PBXGroup;
			children = (
				878D7F3D1BC3A76300DC10DC /* ArrayLengthType.h */,
				878D7F3E1BC3A76300DC10DC /* CompileTimeAssertTrue.h */,
				878D7F3F1BC3A76300DC10DC /* ConfirmAllowed.h */,
				878D7F401BC3A76300DC10DC /* ConfirmAllowedKey.h */,
				878D7F411BC3A76300DC10DC /* CustomTypeCallbackWrapper.h */,
				878D7F421BC3A76300DC10DC /* Data.h */,
				878D7F431BC3A76300DC10DC /* debug_assert.h */,
				878D7F441BC3A76300DC10DC /* DeSerializerImplementation.h */,
				878D7F451BC3A76300DC10DC /* EnableIf.h */,
				878D7F461BC3A76300DC10DC /* EndianCorrectCast.h */,
				878D7F471BC3A76300DC10DC /* EndianCorrectCastImplementation.h */,
				878D7F481BC3A76300DC10DC /* IsDerivedFrom.h */,
				878D7F491BC3A76300DC10DC /* IsPrimitiveType.h */,
				878D7F4A1BC3A76300DC10DC /* KeyToObject.h */,
				878D7F4B1BC3A76300DC10DC /* MathHelper.h */,
				878D7F4C1BC3A76300DC10DC /* ObjectToStringConverter.h */,
				878D7F4D1BC3A76300DC10DC /* PrimitiveToStringConverter.h */,
				878D7F4E1BC3A76300DC10DC /* RemoveConst.h */,
				878D7F4F1BC3A76300DC10DC /* RemovePointer.h */,
				878D7F501BC3A76300DC10DC /* SerializerImplementation.h */,
				878D7F511BC3A76300DC10DC /* Thread.h */,
				878D7F521BC3A76300DC10DC /* ToStringImplementation.h */,
				878D7F531BC3A76300DC10DC /* TypeName.h */,
				878D7F541BC3A76300DC10DC /* ValueToObject.h */,
			);
			path = Helpers;
			sourceTree = "<group>";
		};
		878D7F591BC3A76300DC10DC /* MemoryManagement */ = {
			isa = PBXGroup;
			children = (
				878D7F5A1BC3A76300DC10DC /* Allocate.h */,
				878D7F5B1BC3A76300DC10DC /* Internal */,
			);
			path = MemoryManagement;
			sourceTree = "<group>";
		};
		878D7F5B1BC3A76300DC10DC /* Internal */ = {
			isa = PBXGroup;
			children = (
				878D7F5C1BC3A76300DC10DC /* Entry.h */,
				878D7F5D1BC3A76300DC10DC /* Interface.h */,
				878D7F5E1BC3A76300DC10DC /* MemoryPool.h */,
				878D7F5F1BC3A76300DC10DC /* MemoryPoolManager.h */,
				878D7F601BC3A76300DC10DC /* RawStorage.h */,
			);
			path = Internal;
			sourceTree = "<group>";
		};
		878D7F691BC3A76300DC10DC /* lib */ = {
			isa = PBXGroup;
			children = (
				878D7F6A1BC3A76300DC10DC /* libCommon-cpp_debug_iphoneos.a */,
				878D7F6B1BC3A76300DC10DC /* libCommon-cpp_debug_iphonesimulator.a */,
				878D7F6C1BC3A76300DC10DC /* libCommon-cpp_release_iphoneos.a */,
				878D7F6D1BC3A76300DC10DC /* libCommon-cpp_release_iphonesimulator.a */,
			);
			path = lib;
			sourceTree = "<group>";
		};
		878D7F6E1BC3A76300DC10DC /* LoadBalancing-cpp */ = {
			isa = PBXGroup;
			children = (
				878D7F6F1BC3A76300DC10DC /* inc */,
				878D7F961BC3A76300DC10DC /* lib */,
			);
			path = "LoadBalancing-cpp";
			sourceTree = "<group>";
		};
		878D7F6F1BC3A76300DC10DC /* inc */ = {
			isa = PBXGroup;
			children = (
				878D7F701BC3A76300DC10DC /* AuthenticationValues.h */,
				878D7F711BC3A76300DC10DC /* Client.h */,
				878D7F721BC3A76300DC10DC /* Enums */,
				878D7F7A1BC3A76300DC10DC /* FriendInfo.h */,
				878D7F7B1BC3A76300DC10DC /* Internal */,
				878D7F8E1BC3A76300DC10DC /* Listener.h */,
				878D7F8F1BC3A76300DC10DC /* LobbyStatsRequest.h */,
				878D7F901BC3A76300DC10DC /* LobbyStatsResponse.h */,
				878D7F911BC3A76300DC10DC /* MutablePlayer.h */,
				878D7F921BC3A76300DC10DC /* MutableRoom.h */,
				878D7F931BC3A76300DC10DC /* Peer.h */,
				878D7F941BC3A76300DC10DC /* Player.h */,
				878D7F951BC3A76300DC10DC /* Room.h */,
			);
			path = inc;
			sourceTree = "<group>";
		};
		878D7F721BC3A76300DC10DC /* Enums */ = {
			isa = PBXGroup;
			children = (
				878D7F731BC3A76300DC10DC /* CustomAuthenticationType.h */,
				878D7F741BC3A76300DC10DC /* DisconnectCause.h */,
				878D7F751BC3A76300DC10DC /* ErrorCode.h */,
				878D7F761BC3A76300DC10DC /* LobbyType.h */,
				878D7F771BC3A76300DC10DC /* MatchmakingMode.h */,
				878D7F781BC3A76300DC10DC /* PeerStates.h */,
				878D7F791BC3A76300DC10DC /* ServerType.h */,
			);
			path = Enums;
			sourceTree = "<group>";
		};
		878D7F7B1BC3A76300DC10DC /* Internal */ = {
			isa = PBXGroup;
			children = (
				878D7F7C1BC3A76300DC10DC /* AuthenticationValuesSecretSetter.h */,
				878D7F7D1BC3A76300DC10DC /* Enums */,
				878D7F851BC3A76300DC10DC /* MutablePlayerFactory.h */,
				878D7F861BC3A76300DC10DC /* MutableRoomFactory.h */,
				878D7F871BC3A76300DC10DC /* PlayerFactory.h */,
				878D7F881BC3A76300DC10DC /* PlayerMovementInformant.h */,
				878D7F891BC3A76300DC10DC /* PlayerPropertiesCacher.h */,
				878D7F8A1BC3A76300DC10DC /* PlayerPropertiesUpdateInformant.h */,
				878D7F8B1BC3A76300DC10DC /* RoomFactory.h */,
				878D7F8C1BC3A76300DC10DC /* RoomPropertiesCacher.h */,
				878D7F8D1BC3A76300DC10DC /* Utils.h */,
			);
			path = Internal;
			sourceTree = "<group>";
		};
		878D7F7D1BC3A76300DC10DC /* Enums */ = {
			isa = PBXGroup;
			children = (
				878D7F7E1BC3A76300DC10DC /* EventCode.h */,
				878D7F7F1BC3A76300DC10DC /* JoinType.h */,
				878D7F801BC3A76300DC10DC /* OperationCode.h */,
				878D7F811BC3A76300DC10DC /* ParameterCode.h */,
				878D7F821BC3A76300DC10DC /* Properties */,
			);
			path = Enums;
			sourceTree = "<group>";
		};
		878D7F821BC3A76300DC10DC /* Properties */ = {
			isa = PBXGroup;
			children = (
				878D7F831BC3A76300DC10DC /* Player.h */,
				878D7F841BC3A76300DC10DC /* Room.h */,
			);
			path = Properties;
			sourceTree = "<group>";
		};
		878D7F961BC3A76300DC10DC /* lib */ = {
			isa = PBXGroup;
			children = (
				878D7F971BC3A76300DC10DC /* libLoadBalancing-cpp_debug_iphoneos.a */,
				878D7F981BC3A76300DC10DC /* libLoadBalancing-cpp_debug_iphonesimulator.a */,
				878D7F991BC3A76300DC10DC /* libLoadBalancing-cpp_release_iphoneos.a */,
				878D7F9A1BC3A76300DC10DC /* libLoadBalancing-cpp_release_iphonesimulator.a */,
			);
			path = lib;
			sourceTree = "<group>";
		};
		878D7F9B1BC3A76300DC10DC /* Photon-cpp */ = {
			isa = PBXGroup;
			children = (
				878D7F9C1BC3A76400DC10DC /* inc */,
				878D7FB11BC3A76400DC10DC /* lib */,
			);
			path = "Photon-cpp";
			sourceTree = "<group>";
		};
		878D7F9C1BC3A76400DC10DC /* inc */ = {
			isa = PBXGroup;
			children = (
				878D7F9D1BC3A76400DC10DC /* Enums */,
				878D7FA91BC3A76400DC10DC /* EventData.h */,
				878D7FAA1BC3A76400DC10DC /* LitePeer.h */,
				878D7FAB1BC3A76400DC10DC /* OperationRequest.h */,
				878D7FAC1BC3A76400DC10DC /* OperationResponse.h */,
				878D7FAD1BC3A76400DC10DC /* PhotonListener.h */,
				878D7FAE1BC3A76400DC10DC /* PhotonPeer.h */,
				878D7FAF1BC3A76400DC10DC /* TrafficStats.h */,
				878D7FB01BC3A76400DC10DC /* TrafficStatsGameLevel.h */,
			);
			path = inc;
			sourceTree = "<group>";
		};
		878D7F9D1BC3A76400DC10DC /* Enums */ = {
			isa = PBXGroup;
			children = (
				878D7F9E1BC3A76400DC10DC /* ConnectionProtocol.h */,
				878D7F9F1BC3A76400DC10DC /* ErrorCode.h */,
				878D7FA01BC3A76400DC10DC /* EventCache.h */,
				878D7FA11BC3A76400DC10DC /* EventCode.h */,
				878D7FA21BC3A76400DC10DC /* EventKey.h */,
				878D7FA31BC3A76400DC10DC /* NetworkPort.h */,
				878D7FA41BC3A76400DC10DC /* OperationCode.h */,
				878D7FA51BC3A76400DC10DC /* ParameterCode.h */,
				878D7FA61BC3A76400DC10DC /* PeerState.h */,
				878D7FA71BC3A76400DC10DC /* ReceiverGroup.h */,
				878D7FA81BC3A76400DC10DC /* StatusCode.h */,
			);
			path = Enums;
			sourceTree = "<group>";
		};
		878D7FB11BC3A76400DC10DC /* lib */ = {
			isa = PBXGroup;
			children = (
				878D7FB21BC3A76400DC10DC /* libPhoton-cpp_debug_iphoneos.a */,
				878D7FB31BC3A76400DC10DC /* libPhoton-cpp_debug_iphonesimulator.a */,
				878D7FB41BC3A76400DC10DC /* libPhoton-cpp_release_iphoneos.a */,
				878D7FB51BC3A76400DC10DC /* libPhoton-cpp_release_iphonesimulator.a */,
			);
			path = lib;
			sourceTree = "<group>";
		};
		8793B60A1B99E40C00277AC7 /* GameKitHelperCpp */ = {
			isa = PBXGroup;
			children = (
				8793B60B1B99E40C00277AC7 /* GameKitHelper.h */,
				8793B60C1B99E40C00277AC7 /* GameKitHelper.mm */,
				8793B60D1B99E40C00277AC7 /* GKCppAlternatives.h */,
				8793B60E1B99E40C00277AC7 /* GKHDelegate.cpp */,
				8793B60F1B99E40C00277AC7 /* GKHDelegate.h */,
				8793B6101B99E40C00277AC7 /* GKHWrapperCpp.h */,
				8793B6111B99E40C00277AC7 /* GKHWrapperCpp.mm */,
				8793B6121B99E40C00277AC7 /* README.md */,
			);
			path = GameKitHelperCpp;
			sourceTree = "<group>";
		};
		879FB8301B7AED3900E4F0BF /* AppWarpX_3.0 */ = {
			isa = PBXGroup;
			children = (
				46880B8519C43A87006E1F66 /* AppDelegate.h */,
				879FB8311B7AED3900E4F0BF /* appwarp.cpp */,
				879FB8321B7AED3900E4F0BF /* appwarp.h */,
				879FB8331B7AED3900E4F0BF /* appwarp_extended.cpp */,
				879FB8341B7AED3900E4F0BF /* base64.cpp */,
				879FB8351B7AED3900E4F0BF /* base64.h */,
				879FB8361B7AED3900E4F0BF /* cJSON.c */,
				879FB8371B7AED3900E4F0BF /* cJSON.h */,
				879FB8381B7AED3900E4F0BF /* defines.h */,
				879FB8391B7AED3900E4F0BF /* HMAC_SHA1.cpp */,
				879FB83A1B7AED3900E4F0BF /* HMAC_SHA1.h */,
				879FB83B1B7AED3900E4F0BF /* listener.h */,
				879FB83C1B7AED3900E4F0BF /* requests.cpp */,
				879FB83D1B7AED3900E4F0BF /* requests.h */,
				879FB83E1B7AED3900E4F0BF /* SHA1.cpp */,
				879FB83F1B7AED3900E4F0BF /* SHA1.h */,
				879FB8401B7AED3900E4F0BF /* socket.cpp */,
				879FB8411B7AED3900E4F0BF /* socket.h */,
				879FB8421B7AED3900E4F0BF /* udpsocket.cpp */,
				879FB8431B7AED3900E4F0BF /* udpsocket.h */,
				879FB8441B7AED3900E4F0BF /* urlencode.cpp */,
				879FB8451B7AED3900E4F0BF /* urlencode.h */,
				879FB8461B7AED3900E4F0BF /* utilities.cpp */,
				879FB8471B7AED3900E4F0BF /* utilities.h */,
			);
			path = AppWarpX_3.0;
			sourceTree = "<group>";
		};
/* End PBXGroup section */

/* Begin PBXNativeTarget section */
		1D6058900D05DD3D006BFB54 /* KOF-mobile */ = {
			isa = PBXNativeTarget;
			buildConfigurationList = 1D6058960D05DD3E006BFB54 /* Build configuration list for PBXNativeTarget "KOF-mobile" */;
			buildPhases = (
				1D60588D0D05DD3D006BFB54 /* Resources */,
				1D60588E0D05DD3D006BFB54 /* Sources */,
				1D60588F0D05DD3D006BFB54 /* Frameworks */,
			);
			buildRules = (
			);
			dependencies = (
				1AC6FB25180E99E1004C840B /* PBXTargetDependency */,
			);
			name = "KOF-mobile";
			productName = iphone;
			productReference = 1D6058910D05DD3D006BFB54 /* KOF-mobile.app */;
			productType = "com.apple.product-type.application";
		};
		5087E73D17EB910900C73F5D /* KOF-desktop */ = {
			isa = PBXNativeTarget;
			buildConfigurationList = 5087E76C17EB910900C73F5D /* Build configuration list for PBXNativeTarget "KOF-desktop" */;
			buildPhases = (
				5087E74817EB910900C73F5D /* Resources */,
				5087E75617EB910900C73F5D /* Sources */,
				5087E75C17EB910900C73F5D /* Frameworks */,
			);
			buildRules = (
			);
			dependencies = (
				1AC6FB16180E9959004C840B /* PBXTargetDependency */,
			);
			name = "KOF-desktop";
			productName = iphone;
			productReference = 5087E76F17EB910900C73F5D /* KOF-desktop.app */;
			productType = "com.apple.product-type.application";
		};
/* End PBXNativeTarget section */

/* Begin PBXProject section */
		29B97313FDCFA39411CA2CEA /* Project object */ = {
			isa = PBXProject;
			attributes = {
				LastUpgradeCheck = 0500;
				TargetAttributes = {
					1D6058900D05DD3D006BFB54 = {
						DevelopmentTeam = GY58348739;
					};
				};
			};
			buildConfigurationList = C01FCF4E08A954540054247B /* Build configuration list for PBXProject "KOF" */;
			compatibilityVersion = "Xcode 3.2";
			developmentRegion = English;
			hasScannedForEncodings = 1;
			knownRegions = (
				English,
				Japanese,
				French,
				German,
			);
			mainGroup = 29B97314FDCFA39411CA2CEA /* CustomTemplate */;
			projectDirPath = "";
			projectReferences = (
				{
					ProductGroup = 1AC6FAE6180E9839004C840B /* Products */;
					ProjectRef = 1AC6FAE5180E9839004C840B /* cocos2d_libs.xcodeproj */;
				},
			);
			projectRoot = "";
			targets = (
				1D6058900D05DD3D006BFB54 /* KOF-mobile */,
				5087E73D17EB910900C73F5D /* KOF-desktop */,
			);
		};
/* End PBXProject section */

/* Begin PBXReferenceProxy section */
		1AC6FAF9180E9839004C840B /* libcocos2d Mac.a */ = {
			isa = PBXReferenceProxy;
			fileType = archive.ar;
			path = "libcocos2d Mac.a";
			remoteRef = 1AC6FAF8180E9839004C840B /* PBXContainerItemProxy */;
			sourceTree = BUILT_PRODUCTS_DIR;
		};
		1AC6FB07180E9839004C840B /* libcocos2d iOS.a */ = {
			isa = PBXReferenceProxy;
			fileType = archive.ar;
			path = "libcocos2d iOS.a";
			remoteRef = 1AC6FB06180E9839004C840B /* PBXContainerItemProxy */;
			sourceTree = BUILT_PRODUCTS_DIR;
		};
/* End PBXReferenceProxy section */

/* Begin PBXResourcesBuildPhase section */
		1D60588D0D05DD3D006BFB54 /* Resources */ = {
			isa = PBXResourcesBuildPhase;
			buildActionMask = 2147483647;
			files = (
				5087E78117EB970100C73F5D /* Icon-120.png in Resources */,
				5087E78617EB970100C73F5D /* Icon-76.png in Resources */,
				5087E77F17EB970100C73F5D /* Default@2x.png in Resources */,
				50EF629917ECD46A001EB2F8 /* Icon-100.png in Resources */,
				5087E78317EB970100C73F5D /* Icon-152.png in Resources */,
				5087E77D17EB970100C73F5D /* Default-568h@2x.png in Resources */,
				5087E78517EB970100C73F5D /* Icon-72.png in Resources */,
				521A8E6519F0C34300D177D7 /* Default-736h@3x.png in Resources */,
				521A8EA919F11F5000D177D7 /* fonts in Resources */,
				50EF62A317ECD613001EB2F8 /* Icon-50.png in Resources */,
				5087E78017EB970100C73F5D /* Icon-114.png in Resources */,
				50EF62A217ECD613001EB2F8 /* Icon-29.png in Resources */,
				18D1D2D41B9FEDD2001A3829 /* music in Resources */,
				50EF629617ECD46A001EB2F8 /* Icon-40.png in Resources */,
				5087E78217EB970100C73F5D /* Icon-144.png in Resources */,
				3EACC98F19EE6D4300EB3C5E /* res in Resources */,
				50EF629817ECD46A001EB2F8 /* Icon-80.png in Resources */,
				5087E78417EB970100C73F5D /* Icon-57.png in Resources */,
				5087E77E17EB970100C73F5D /* Default.png in Resources */,
				521A8E6419F0C34300D177D7 /* Default-667h@2x.png in Resources */,
				50EF629717ECD46A001EB2F8 /* Icon-58.png in Resources */,
			);
			runOnlyForDeploymentPostprocessing = 0;
		};
		5087E74817EB910900C73F5D /* Resources */ = {
			isa = PBXResourcesBuildPhase;
			buildActionMask = 2147483647;
			files = (
				503AE0F817EB97AB00D1A890 /* Icon.icns in Resources */,
				3EACC99019EE6D4300EB3C5E /* res in Resources */,
				18D1D2D51B9FEDD2001A3829 /* music in Resources */,
				521A8EAA19F11F5000D177D7 /* fonts in Resources */,
			);
			runOnlyForDeploymentPostprocessing = 0;
		};
/* End PBXResourcesBuildPhase section */

/* Begin PBXSourcesBuildPhase section */
		1D60588E0D05DD3D006BFB54 /* Sources */ = {
			isa = PBXSourcesBuildPhase;
			buildActionMask = 2147483647;
			files = (
				8793B6131B99E40C00277AC7 /* GameKitHelper.mm in Sources */,
				879FB8511B7AED3900E4F0BF /* urlencode.cpp in Sources */,
				879FB84A1B7AED3900E4F0BF /* base64.cpp in Sources */,
				87A088CE1BA2A41D00320585 /* Camera2d.cpp in Sources */,
				46880B8819C43A87006E1F66 /* AppDelegate.cpp in Sources */,
				879FB8561B7AF66400E4F0BF /* SplashScene.cpp in Sources */,
				879FB84D1B7AED3900E4F0BF /* requests.cpp in Sources */,
				8740B0251B7F606200395343 /* SettingScene.cpp in Sources */,
				8740B0221B7F605300395343 /* HelpScene.cpp in Sources */,
				8793B6141B99E40C00277AC7 /* GKHDelegate.cpp in Sources */,
				879FB84F1B7AED3900E4F0BF /* socket.cpp in Sources */,
				879FB84B1B7AED3900E4F0BF /* cJSON.c in Sources */,
				8793B6161B99E40C00277AC7 /* README.md in Sources */,
				879FB8501B7AED3900E4F0BF /* udpsocket.cpp in Sources */,
				879FB8491B7AED3900E4F0BF /* appwarp_extended.cpp in Sources */,
				87A088D41BA2A69D00320585 /* Fighter.cpp in Sources */,
				879FB85D1B7B001900E4F0BF /* MainMenuScene.cpp in Sources */,
				8793B6151B99E40C00277AC7 /* GKHWrapperCpp.mm in Sources */,
				879FB84E1B7AED3900E4F0BF /* SHA1.cpp in Sources */,
				879FB8521B7AED3900E4F0BF /* utilities.cpp in Sources */,
				87E23D8F1B9C00F500F5A01E /* GameHelper.cpp in Sources */,
				878D7FC41BC3A88C00DC10DC /* PhotonMultiplayer.cpp in Sources */,
				503AE10017EB989F00D1A890 /* AppController.mm in Sources */,
				503AE10217EB989F00D1A890 /* RootViewController.mm in Sources */,
				87E23D981B9C8DED00F5A01E /* LoadingLayer.cpp in Sources */,
				503AE10117EB989F00D1A890 /* main.m in Sources */,
				879FB8481B7AED3900E4F0BF /* appwarp.cpp in Sources */,
				879FB84C1B7AED3900E4F0BF /* HMAC_SHA1.cpp in Sources */,
			);
			runOnlyForDeploymentPostprocessing = 0;
		};
		5087E75617EB910900C73F5D /* Sources */ = {
			isa = PBXSourcesBuildPhase;
			buildActionMask = 2147483647;
			files = (
				46880B8919C43A87006E1F66 /* AppDelegate.cpp in Sources */,
				503AE10517EB98FF00D1A890 /* main.cpp in Sources */,
			);
			runOnlyForDeploymentPostprocessing = 0;
		};
/* End PBXSourcesBuildPhase section */

/* Begin PBXTargetDependency section */
		1AC6FB16180E9959004C840B /* PBXTargetDependency */ = {
			isa = PBXTargetDependency;
			name = "cocos2dx Mac";
			targetProxy = 1AC6FB15180E9959004C840B /* PBXContainerItemProxy */;
		};
		1AC6FB25180E99E1004C840B /* PBXTargetDependency */ = {
			isa = PBXTargetDependency;
			name = "cocos2dx iOS";
			targetProxy = 1AC6FB24180E99E1004C840B /* PBXContainerItemProxy */;
		};
/* End PBXTargetDependency section */

/* Begin XCBuildConfiguration section */
		1D6058940D05DD3E006BFB54 /* Debug */ = {
			isa = XCBuildConfiguration;
			buildSettings = {
				ALWAYS_SEARCH_USER_PATHS = YES;
				CODE_SIGN_IDENTITY = "iPhone Developer";
				"CODE_SIGN_IDENTITY[sdk=iphoneos*]" = "iPhone Developer";
				COMPRESS_PNG_FILES = NO;
				FRAMEWORK_SEARCH_PATHS = "$(inherited)";
				GCC_DYNAMIC_NO_PIC = NO;
				GCC_INLINES_ARE_PRIVATE_EXTERN = NO;
				GCC_PRECOMPILE_PREFIX_HEADER = YES;
				GCC_PREFIX_HEADER = ios/Prefix.pch;
				GCC_PREPROCESSOR_DEFINITIONS = (
					USE_FILE32API,
					CC_TARGET_OS_IPHONE,
					"COCOS2D_DEBUG=1",
					"CC_ENABLE_CHIPMUNK_INTEGRATION=1",
				);
				GCC_SYMBOLS_PRIVATE_EXTERN = NO;
				HEADER_SEARCH_PATHS = (
					"$(inherited)",
					"$(SRCROOT)/../cocos2d/cocos/platform/ios",
					"$(SRCROOT)/../cocos2d/cocos/platform/ios/Simulation",
					/usr/local/Cellar/boost/1.58.0/include,
					"$(SRCROOT)/Photon-iOS-SDK/",
				);
				INFOPLIST_FILE = ios/Info.plist;
				IPHONEOS_DEPLOYMENT_TARGET = 9.0;
				LIBRARY_SEARCH_PATHS = (
					"$(PROJECT_DIR)/Photon-iOS-SDK/Common-cpp/lib",
					"$(PROJECT_DIR)/Photon-iOS-SDK/LoadBalancing-cpp/lib",
					"$(PROJECT_DIR)/Photon-iOS-SDK/Photon-cpp/lib",
				);
				OTHER_LDFLAGS = (
					"$(_COCOS_LIB_IOS_BEGIN)",
					"$(_COCOS_LIB_IOS_END)",
					"-lCommon-cpp_$(CONFIGURATION)_$(PLATFORM_NAME)",
					"-lPhoton-cpp_$(CONFIGURATION)_$(PLATFORM_NAME)",
					"-lLoadBalancing-cpp_$(CONFIGURATION)_$(PLATFORM_NAME)",
				);
				PROVISIONING_PROFILE = "";
				SDKROOT = iphoneos9.0;
				TARGETED_DEVICE_FAMILY = 1;
				USER_HEADER_SEARCH_PATHS = "$(_COCOS_HEADER_IOS_BEGIN) $(_COCOS_HEADER_IOS_END)";
				VALID_ARCHS = "arm64 armv7";
			};
			name = Debug;
		};
		1D6058950D05DD3E006BFB54 /* Release */ = {
			isa = XCBuildConfiguration;
			buildSettings = {
				ALWAYS_SEARCH_USER_PATHS = YES;
				CODE_SIGN_IDENTITY = "iPhone Developer";
				"CODE_SIGN_IDENTITY[sdk=iphoneos*]" = "iPhone Developer";
				COMPRESS_PNG_FILES = NO;
				FRAMEWORK_SEARCH_PATHS = "$(inherited)";
				GCC_INLINES_ARE_PRIVATE_EXTERN = NO;
				GCC_PRECOMPILE_PREFIX_HEADER = YES;
				GCC_PREFIX_HEADER = ios/Prefix.pch;
				GCC_PREPROCESSOR_DEFINITIONS = (
					USE_FILE32API,
					CC_TARGET_OS_IPHONE,
					"CC_ENABLE_CHIPMUNK_INTEGRATION=1",
				);
				GCC_SYMBOLS_PRIVATE_EXTERN = NO;
				HEADER_SEARCH_PATHS = (
					"$(inherited)",
					"$(SRCROOT)/../cocos2d/cocos/platform/ios",
					"$(SRCROOT)/../cocos2d/cocos/platform/ios/Simulation",
					/usr/local/Cellar/boost/1.58.0/include,
					"$(SRCROOT)/Photon-iOS-SDK/",
				);
				INFOPLIST_FILE = ios/Info.plist;
				IPHONEOS_DEPLOYMENT_TARGET = 9.0;
				LIBRARY_SEARCH_PATHS = (
					"$(PROJECT_DIR)/Photon-iOS-SDK/Common-cpp/lib",
					"$(PROJECT_DIR)/Photon-iOS-SDK/LoadBalancing-cpp/lib",
					"$(PROJECT_DIR)/Photon-iOS-SDK/Photon-cpp/lib",
				);
				OTHER_LDFLAGS = (
					"$(_COCOS_LIB_IOS_BEGIN)",
					"$(_COCOS_LIB_IOS_END)",
					"-lCommon-cpp_$(CONFIGURATION)_$(PLATFORM_NAME)",
					"-lPhoton-cpp_$(CONFIGURATION)_$(PLATFORM_NAME)",
					"-lLoadBalancing-cpp_$(CONFIGURATION)_$(PLATFORM_NAME)",
				);
				PROVISIONING_PROFILE = "";
				SDKROOT = iphoneos9.0;
				TARGETED_DEVICE_FAMILY = 1;
				USER_HEADER_SEARCH_PATHS = "$(_COCOS_HEADER_IOS_BEGIN) $(_COCOS_HEADER_IOS_END)";
				VALID_ARCHS = "arm64 armv7";
			};
			name = Release;
		};
		5087E76D17EB910900C73F5D /* Debug */ = {
			isa = XCBuildConfiguration;
			buildSettings = {
				ALWAYS_SEARCH_USER_PATHS = YES;
				ARCHS = "$(ARCHS_STANDARD_64_BIT)";
				CLANG_CXX_LANGUAGE_STANDARD = "c++0x";
				CLANG_CXX_LIBRARY = "libc++";
				GCC_DYNAMIC_NO_PIC = NO;
				GCC_INLINES_ARE_PRIVATE_EXTERN = NO;
				GCC_PRECOMPILE_PREFIX_HEADER = YES;
				GCC_PREFIX_HEADER = mac/Prefix.pch;
				GCC_PREPROCESSOR_DEFINITIONS = (
					USE_FILE32API,
					CC_TARGET_OS_MAC,
					"COCOS2D_DEBUG=1",
					"CC_ENABLE_CHIPMUNK_INTEGRATION=1",
				);
				GCC_SYMBOLS_PRIVATE_EXTERN = NO;
				HEADER_SEARCH_PATHS = (
					"$(inherited)",
					"$(SRCROOT)/../cocos2d/cocos/platform/mac",
					"$(SRCROOT)/../cocos2d/external/glfw3/include/mac",
				);
				INFOPLIST_FILE = mac/Info.plist;
				LIBRARY_SEARCH_PATHS = "";
				OTHER_LDFLAGS = (
					"$(_COCOS_LIB_MAC_BEGIN)",
					"$(_COCOS_LIB_MAC_END)",
				);
				USER_HEADER_SEARCH_PATHS = "$(_COCOS_HEADER_MAC_BEGIN) $(_COCOS_HEADER_MAC_END)";
			};
			name = Debug;
		};
		5087E76E17EB910900C73F5D /* Release */ = {
			isa = XCBuildConfiguration;
			buildSettings = {
				ALWAYS_SEARCH_USER_PATHS = YES;
				ARCHS = "$(ARCHS_STANDARD_64_BIT)";
				CLANG_CXX_LANGUAGE_STANDARD = "c++0x";
				CLANG_CXX_LIBRARY = "libc++";
				GCC_INLINES_ARE_PRIVATE_EXTERN = NO;
				GCC_PRECOMPILE_PREFIX_HEADER = YES;
				GCC_PREFIX_HEADER = mac/Prefix.pch;
				GCC_PREPROCESSOR_DEFINITIONS = (
					USE_FILE32API,
					CC_TARGET_OS_MAC,
					"CC_ENABLE_CHIPMUNK_INTEGRATION=1",
				);
				GCC_SYMBOLS_PRIVATE_EXTERN = NO;
				HEADER_SEARCH_PATHS = (
					"$(inherited)",
					"$(SRCROOT)/../cocos2d/cocos/platform/mac",
					"$(SRCROOT)/../cocos2d/external/glfw3/include/mac",
				);
				INFOPLIST_FILE = mac/Info.plist;
				LIBRARY_SEARCH_PATHS = "";
				OTHER_LDFLAGS = (
					"$(_COCOS_LIB_MAC_BEGIN)",
					"$(_COCOS_LIB_MAC_END)",
				);
				USER_HEADER_SEARCH_PATHS = "$(_COCOS_HEADER_MAC_BEGIN) $(_COCOS_HEADER_MAC_END)";
			};
			name = Release;
		};
		C01FCF4F08A954540054247B /* Debug */ = {
			isa = XCBuildConfiguration;
			buildSettings = {
				CLANG_CXX_LANGUAGE_STANDARD = "c++0x";
				CLANG_CXX_LIBRARY = "libc++";
				COPY_PHASE_STRIP = NO;
				ENABLE_BITCODE = NO;
				GCC_OPTIMIZATION_LEVEL = 0;
				GCC_WARN_ABOUT_RETURN_TYPE = YES;
				GCC_WARN_UNUSED_VARIABLE = YES;
				HEADER_SEARCH_PATHS = (
					"$(SRCROOT)/../cocos2d",
					"$(SRCROOT)/../cocos2d/cocos",
					"$(SRCROOT)/../cocos2d/cocos/base",
					"$(SRCROOT)/../cocos2d/cocos/physics",
					"$(SRCROOT)/../cocos2d/cocos/math",
					"$(SRCROOT)/../cocos2d/cocos/2d",
					"$(SRCROOT)/../cocos2d/cocos/ui",
					"$(SRCROOT)/../cocos2d/cocos/network",
					"$(SRCROOT)/../cocos2d/cocos/audio/include",
					"$(SRCROOT)/../cocos2d/cocos/editor-support",
					"$(SRCROOT)/../cocos2d/extensions",
					"$(SRCROOT)/../cocos2d/external",
					"$(SRCROOT)/../cocos2d/external/chipmunk/include/chipmunk",
					"$(SRCROOT)/../cocos2d/external/curl/include/ios",
					"$(SRCROOT)/../avalon",
				);
				MACOSX_DEPLOYMENT_TARGET = 10.7;
				ONLY_ACTIVE_ARCH = YES;
				PRODUCT_NAME = "$(TARGET_NAME)";
				SDKROOT = macosx;
				TARGETED_DEVICE_FAMILY = 1;
			};
			name = Debug;
		};
		C01FCF5008A954540054247B /* Release */ = {
			isa = XCBuildConfiguration;
			buildSettings = {
				CLANG_CXX_LANGUAGE_STANDARD = "c++0x";
				CLANG_CXX_LIBRARY = "libc++";
				ENABLE_BITCODE = NO;
				GCC_WARN_ABOUT_RETURN_TYPE = YES;
				GCC_WARN_UNUSED_VARIABLE = YES;
				HEADER_SEARCH_PATHS = (
					"$(SRCROOT)/../cocos2d",
					"$(SRCROOT)/../cocos2d/cocos",
					"$(SRCROOT)/../cocos2d/cocos/base",
					"$(SRCROOT)/../cocos2d/cocos/physics",
					"$(SRCROOT)/../cocos2d/cocos/math",
					"$(SRCROOT)/../cocos2d/cocos/2d",
					"$(SRCROOT)/../cocos2d/cocos/ui",
					"$(SRCROOT)/../cocos2d/cocos/network",
					"$(SRCROOT)/../cocos2d/cocos/audio/include",
					"$(SRCROOT)/../cocos2d/cocos/editor-support",
					"$(SRCROOT)/../cocos2d/extensions",
					"$(SRCROOT)/../cocos2d/external",
					"$(SRCROOT)/../cocos2d/external/chipmunk/include/chipmunk",
					"$(SRCROOT)/../cocos2d/external/curl/include/ios",
					"$(SRCROOT)/../avalon",
				);
				MACOSX_DEPLOYMENT_TARGET = 10.7;
				OTHER_CFLAGS = "-DNS_BLOCK_ASSERTIONS=1";
				PRODUCT_NAME = "$(TARGET_NAME)";
				SDKROOT = macosx;
				TARGETED_DEVICE_FAMILY = 1;
				VALIDATE_PRODUCT = YES;
			};
			name = Release;
		};
/* End XCBuildConfiguration section */

/* Begin XCConfigurationList section */
		1D6058960D05DD3E006BFB54 /* Build configuration list for PBXNativeTarget "KOF-mobile" */ = {
			isa = XCConfigurationList;
			buildConfigurations = (
				1D6058940D05DD3E006BFB54 /* Debug */,
				1D6058950D05DD3E006BFB54 /* Release */,
			);
			defaultConfigurationIsVisible = 0;
			defaultConfigurationName = Debug;
		};
		5087E76C17EB910900C73F5D /* Build configuration list for PBXNativeTarget "KOF-desktop" */ = {
			isa = XCConfigurationList;
			buildConfigurations = (
				5087E76D17EB910900C73F5D /* Debug */,
				5087E76E17EB910900C73F5D /* Release */,
			);
			defaultConfigurationIsVisible = 0;
			defaultConfigurationName = Debug;
		};
		C01FCF4E08A954540054247B /* Build configuration list for PBXProject "KOF" */ = {
			isa = XCConfigurationList;
			buildConfigurations = (
				C01FCF4F08A954540054247B /* Debug */,
				C01FCF5008A954540054247B /* Release */,
			);
			defaultConfigurationIsVisible = 0;
			defaultConfigurationName = Debug;
		};
/* End XCConfigurationList section */
	};
	rootObject = 29B97313FDCFA39411CA2CEA /* Project object */;
}
